PODS:
  - DropDown (2.3.13)
  - IQKeyboardManager (6.5.5)

DEPENDENCIES:
  - DropDown
  - IQKeyboardManager

SPEC REPOS:
  trunk:
    - DropDown
    - IQKeyboardManager

SPEC CHECKSUMS:
  DropDown: 8a2116376c1981888557f72ec2ffc9a5e0e456ec
  IQKeyboardManager: 3a8b9e603f8b0eeaf5f096a1f2b2cfcf121992ef

PODFILE CHECKSUM: f7cac6c3c5b36e21b9bf7c58dd1c16c7158bcc40

COCOAPODS: 1.8.4
