// !$*UTF8*$!
{
	archiveVersion = 1;
	classes = {
	};
	objectVersion = 51;
	objects = {

/* Begin PBXBuildFile section */
		360933E124264A8D00B8E7A1 /* ActivityIndicator.swift in Sources */ = {isa = PBXBuildFile; fileRef = 360933E024264A8D00B8E7A1 /* ActivityIndicator.swift */; };
		360BC87524247C0C00A52CEE /* CliniciansViewModel.swift in Sources */ = {isa = PBXBuildFile; fileRef = 360BC87424247C0C00A52CEE /* CliniciansViewModel.swift */; };
		360BC87724247C3500A52CEE /* CilniciansModel.swift in Sources */ = {isa = PBXBuildFile; fileRef = 360BC87624247C3500A52CEE /* CilniciansModel.swift */; };
		3651653D2427992900D6F6DD /* AssignedPatientsViewModel.swift in Sources */ = {isa = PBXBuildFile; fileRef = 3651653C2427992900D6F6DD /* AssignedPatientsViewModel.swift */; };
		3651653F2427993F00D6F6DD /* AssignedPatientsModel.swift in Sources */ = {isa = PBXBuildFile; fileRef = 3651653E2427993F00D6F6DD /* AssignedPatientsModel.swift */; };
		365165462427B42300D6F6DD /* SearchVC.swift in Sources */ = {isa = PBXBuildFile; fileRef = 365165452427B42300D6F6DD /* SearchVC.swift */; };
		6DF9975F9EAFE13D892AD361 /* Pods_HomeHealthProTests.framework in Frameworks */ = {isa = PBXBuildFile; fileRef = 40F12E604AE2DDEA1BF1B83E /* Pods_HomeHealthProTests.framework */; };
		AD71FCE9C71DAA0D062B2739 /* Pods_HomeHealthPro_HomeHealthProUITests.framework in Frameworks */ = {isa = PBXBuildFile; fileRef = D56D1528DB0AFEF70826060B /* Pods_HomeHealthPro_HomeHealthProUITests.framework */; };
		BC1CD4DB2418E57700D7247D /* OTPVC.swift in Sources */ = {isa = PBXBuildFile; fileRef = BC1CD4DA2418E57700D7247D /* OTPVC.swift */; };
		BC1CD4DE2418EF2300D7247D /* ScheduleVisit.storyboard in Resources */ = {isa = PBXBuildFile; fileRef = BC1CD4DD2418EF2300D7247D /* ScheduleVisit.storyboard */; };
		BC1CD4E62418F2C900D7247D /* ChangePassword.storyboard in Resources */ = {isa = PBXBuildFile; fileRef = BC1CD4E52418F2C900D7247D /* ChangePassword.storyboard */; };
		BC1CD4ED2418F67300D7247D /* ChangePasswordVC.swift in Sources */ = {isa = PBXBuildFile; fileRef = BC1CD4EC2418F67300D7247D /* ChangePasswordVC.swift */; };
		BC2A72A9241FAA8900D0CED5 /* signUpViewModel.swift in Sources */ = {isa = PBXBuildFile; fileRef = BC2A72A8241FAA8900D0CED5 /* signUpViewModel.swift */; };
		BC2A72AB241FAABE00D0CED5 /* signUpModel.swift in Sources */ = {isa = PBXBuildFile; fileRef = BC2A72AA241FAABE00D0CED5 /* signUpModel.swift */; };
		BC2D7BA62423B65F00FE7E9E /* MainControllerViewModel.swift in Sources */ = {isa = PBXBuildFile; fileRef = BC2D7BA52423B65E00FE7E9E /* MainControllerViewModel.swift */; };
		BC2D7BA82423B76F00FE7E9E /* MainControllerModel.swift in Sources */ = {isa = PBXBuildFile; fileRef = BC2D7BA72423B76F00FE7E9E /* MainControllerModel.swift */; };
		BC3674FF2407D222006EC471 /* SignUpVC.swift in Sources */ = {isa = PBXBuildFile; fileRef = BC3674FE2407D222006EC471 /* SignUpVC.swift */; };
		BC3675012407DE71006EC471 /* SkyFloatingLabelTextField.swift in Sources */ = {isa = PBXBuildFile; fileRef = BC3675002407DE71006EC471 /* SkyFloatingLabelTextField.swift */; };
		BC4B2CA12408E0D200C2173B /* SF-Pro-Display-Heavy.ttf in Resources */ = {isa = PBXBuildFile; fileRef = BC4B2C9A2408E0D100C2173B /* SF-Pro-Display-Heavy.ttf */; };
		BC4B2CA22408E0D200C2173B /* SF-Pro-Display-Regular.ttf in Resources */ = {isa = PBXBuildFile; fileRef = BC4B2C9B2408E0D100C2173B /* SF-Pro-Display-Regular.ttf */; };
		BC4B2CA32408E0D200C2173B /* SF-Pro-Display-Medium.ttf in Resources */ = {isa = PBXBuildFile; fileRef = BC4B2C9C2408E0D100C2173B /* SF-Pro-Display-Medium.ttf */; };
		BC4B2CA42408E0D200C2173B /* SF-Pro-Display-Light.ttf in Resources */ = {isa = PBXBuildFile; fileRef = BC4B2C9D2408E0D100C2173B /* SF-Pro-Display-Light.ttf */; };
		BC4B2CA52408E0D200C2173B /* SF-Pro-Display-BlackItalic.ttf in Resources */ = {isa = PBXBuildFile; fileRef = BC4B2C9E2408E0D100C2173B /* SF-Pro-Display-BlackItalic.ttf */; };
		BC4B2CA62408E0D200C2173B /* SF-Pro-Display-Bold.ttf in Resources */ = {isa = PBXBuildFile; fileRef = BC4B2C9F2408E0D100C2173B /* SF-Pro-Display-Bold.ttf */; };
		BC4B2CA72408E0D200C2173B /* SF-Pro-Display-Black.ttf in Resources */ = {isa = PBXBuildFile; fileRef = BC4B2CA02408E0D200C2173B /* SF-Pro-Display-Black.ttf */; };
		BC4B2CB42409113100C2173B /* Alert.swift in Sources */ = {isa = PBXBuildFile; fileRef = BC4B2CB32409113100C2173B /* Alert.swift */; };
		BC4B2CBE2409213B00C2173B /* Dashboard.storyboard in Resources */ = {isa = PBXBuildFile; fileRef = BC4B2CBD2409213B00C2173B /* Dashboard.storyboard */; };
		BC4B2CC0240929DF00C2173B /* DashboardVC.swift in Sources */ = {isa = PBXBuildFile; fileRef = BC4B2CBF240929DF00C2173B /* DashboardVC.swift */; };
		BC4B2CC424093C5900C2173B /* TabBarDashboard.swift in Sources */ = {isa = PBXBuildFile; fileRef = BC4B2CC324093C5900C2173B /* TabBarDashboard.swift */; };
		BC4BF5FC241A3A0000A4A207 /* ScheduleVisitDetailVC.swift in Sources */ = {isa = PBXBuildFile; fileRef = BC4BF5FB241A3A0000A4A207 /* ScheduleVisitDetailVC.swift */; };
		BC4BF603241A3BD800A4A207 /* ScheduleVisitPageViewController.swift in Sources */ = {isa = PBXBuildFile; fileRef = BC4BF602241A3BD800A4A207 /* ScheduleVisitPageViewController.swift */; };
		BC59C227241642710083D7C3 /* DocumentCollectionViewCell.swift in Sources */ = {isa = PBXBuildFile; fileRef = BC59C226241642710083D7C3 /* DocumentCollectionViewCell.swift */; };
		BC5A90E32406983D00682179 /* AppDelegate.swift in Sources */ = {isa = PBXBuildFile; fileRef = BC5A90E22406983D00682179 /* AppDelegate.swift */; };
		BC5A90E52406983D00682179 /* SceneDelegate.swift in Sources */ = {isa = PBXBuildFile; fileRef = BC5A90E42406983D00682179 /* SceneDelegate.swift */; };
		BC5A90ED2406983D00682179 /* HomeHealthPro.xcdatamodeld in Sources */ = {isa = PBXBuildFile; fileRef = BC5A90EB2406983D00682179 /* HomeHealthPro.xcdatamodeld */; };
		BC5A90EF2406985200682179 /* Assets.xcassets in Resources */ = {isa = PBXBuildFile; fileRef = BC5A90EE2406985200682179 /* Assets.xcassets */; };
		BC5A90F22406985200682179 /* LaunchScreen.storyboard in Resources */ = {isa = PBXBuildFile; fileRef = BC5A90F02406985200682179 /* LaunchScreen.storyboard */; };
		BC5A90FD2406985300682179 /* HomeHealthProTests.swift in Sources */ = {isa = PBXBuildFile; fileRef = BC5A90FC2406985300682179 /* HomeHealthProTests.swift */; };
		BC5A91082406985300682179 /* HomeHealthProUITests.swift in Sources */ = {isa = PBXBuildFile; fileRef = BC5A91072406985300682179 /* HomeHealthProUITests.swift */; };
		BC5A912824069CF900682179 /* Login.storyboard in Resources */ = {isa = PBXBuildFile; fileRef = BC5A912724069CF900682179 /* Login.storyboard */; };
		BC5A912A24069D1300682179 /* LoginVc.swift in Sources */ = {isa = PBXBuildFile; fileRef = BC5A912924069D1300682179 /* LoginVc.swift */; };
		BC5A912F2406B63200682179 /* Extension.swift in Sources */ = {isa = PBXBuildFile; fileRef = BC5A912E2406B63200682179 /* Extension.swift */; };
		BC6420D624124E5E00053447 /* ClinicianCollectionCell.swift in Sources */ = {isa = PBXBuildFile; fileRef = BC6420D524124E5E00053447 /* ClinicianCollectionCell.swift */; };
		BC6DE49E240F8BCC00BE7A6D /* DashBoardNavigation.swift in Sources */ = {isa = PBXBuildFile; fileRef = BC6DE49D240F8BCC00BE7A6D /* DashBoardNavigation.swift */; };
		BC6DE4A0240FA16300BE7A6D /* Constant.swift in Sources */ = {isa = PBXBuildFile; fileRef = BC6DE49F240FA16300BE7A6D /* Constant.swift */; };
		BC6DE4AC240FF00900BE7A6D /* MainContainerController.swift in Sources */ = {isa = PBXBuildFile; fileRef = BC6DE4AB240FF00900BE7A6D /* MainContainerController.swift */; };
		BC73EE612422402A00913F26 /* ForgetPasswordViewModel.swift in Sources */ = {isa = PBXBuildFile; fileRef = BC73EE602422402A00913F26 /* ForgetPasswordViewModel.swift */; };
		BC73EE632422418900913F26 /* ForgetPasswordModel.swift in Sources */ = {isa = PBXBuildFile; fileRef = BC73EE622422418900913F26 /* ForgetPasswordModel.swift */; };
		BC73EE6A24225A8500913F26 /* ResetPassword.storyboard in Resources */ = {isa = PBXBuildFile; fileRef = BC73EE6924225A8500913F26 /* ResetPassword.storyboard */; };
		BC73EE6C24225AD200913F26 /* ResetPasswordVC.swift in Sources */ = {isa = PBXBuildFile; fileRef = BC73EE6B24225AD200913F26 /* ResetPasswordVC.swift */; };
		BC76A5D8242354CB007055EF /* OTPViewModel.swift in Sources */ = {isa = PBXBuildFile; fileRef = BC76A5D7242354CB007055EF /* OTPViewModel.swift */; };
		BC76A5DA242354F8007055EF /* OTPModel.swift in Sources */ = {isa = PBXBuildFile; fileRef = BC76A5D9242354F8007055EF /* OTPModel.swift */; };
		BC76A61C24237C34007055EF /* GeneralUserDefault.swift in Sources */ = {isa = PBXBuildFile; fileRef = BC76A61B24237C34007055EF /* GeneralUserDefault.swift */; };
		BC793F8624079A9200AD2D47 /* ForgetPasswordVc.swift in Sources */ = {isa = PBXBuildFile; fileRef = BC793F8524079A9200AD2D47 /* ForgetPasswordVc.swift */; };
		BC793F8A2407C3A300AD2D47 /* ViewcontrollerIndentifiers.swift in Sources */ = {isa = PBXBuildFile; fileRef = BC793F892407C3A300AD2D47 /* ViewcontrollerIndentifiers.swift */; };
		BC793F8C2407C5D500AD2D47 /* StoryboardIndentifiers.swift in Sources */ = {isa = PBXBuildFile; fileRef = BC793F8B2407C5D500AD2D47 /* StoryboardIndentifiers.swift */; };
		BCAC0B46240D046B000A1720 /* CliniciansVC.swift in Sources */ = {isa = PBXBuildFile; fileRef = BCAC0B45240D046A000A1720 /* CliniciansVC.swift */; };
		BCAC0B49240D0488000A1720 /* SettingsVC.swift in Sources */ = {isa = PBXBuildFile; fileRef = BCAC0B48240D0488000A1720 /* SettingsVC.swift */; };
		BCAC0B4B240D049B000A1720 /* MyAccountVC.swift in Sources */ = {isa = PBXBuildFile; fileRef = BCAC0B4A240D049B000A1720 /* MyAccountVC.swift */; };
		BCAC0B4F240D111B000A1720 /* DashBoardCollectionViewCell.swift in Sources */ = {isa = PBXBuildFile; fileRef = BCAC0B4E240D111B000A1720 /* DashBoardCollectionViewCell.swift */; };
		BCAC0B58240D44ED000A1720 /* DashBoardSideMenuVC.swift in Sources */ = {isa = PBXBuildFile; fileRef = BCAC0B57240D44ED000A1720 /* DashBoardSideMenuVC.swift */; };
		BCAC0B5C240D4DBA000A1720 /* DashBoardSideMenuTableViewCell.swift in Sources */ = {isa = PBXBuildFile; fileRef = BCAC0B5B240D4DBA000A1720 /* DashBoardSideMenuTableViewCell.swift */; };
		BCC2DAD92423A5F1004806DD /* DashboardModel.swift in Sources */ = {isa = PBXBuildFile; fileRef = BCC2DAD82423A5F1004806DD /* DashboardModel.swift */; };
		BCC2DADB2423A781004806DD /* DashboardViewModel.swift in Sources */ = {isa = PBXBuildFile; fileRef = BCC2DADA2423A781004806DD /* DashboardViewModel.swift */; };
		BCCD3B8C24192B3500F3CECD /* ScheduleVisitPatientDetailVC.swift in Sources */ = {isa = PBXBuildFile; fileRef = BCCD3B8B24192B3500F3CECD /* ScheduleVisitPatientDetailVC.swift */; };
		BCE1FA2A241BC00D00E9D7F1 /* ApiManager.swift in Sources */ = {isa = PBXBuildFile; fileRef = BCE1FA29241BC00D00E9D7F1 /* ApiManager.swift */; };
		BCE1FA2C241BC03100E9D7F1 /* RemoteHelper.swift in Sources */ = {isa = PBXBuildFile; fileRef = BCE1FA2B241BC03100E9D7F1 /* RemoteHelper.swift */; };
		BCE1FA2F241BC59100E9D7F1 /* UrlConstant.swift in Sources */ = {isa = PBXBuildFile; fileRef = BCE1FA2E241BC59100E9D7F1 /* UrlConstant.swift */; };
		BCE1FA33241BCD3D00E9D7F1 /* LoginModel.swift in Sources */ = {isa = PBXBuildFile; fileRef = BCE1FA32241BCD3D00E9D7F1 /* LoginModel.swift */; };
		BCE1FA35241BD60300E9D7F1 /* LoginViewModel.swift in Sources */ = {isa = PBXBuildFile; fileRef = BCE1FA34241BD60300E9D7F1 /* LoginViewModel.swift */; };
		BCE3085D2416522E00BBDBF1 /* patients.storyboard in Resources */ = {isa = PBXBuildFile; fileRef = BCE3085C2416522E00BBDBF1 /* patients.storyboard */; };
		BCE30864241652D000BBDBF1 /* AssignedPatients.swift in Sources */ = {isa = PBXBuildFile; fileRef = BCE30863241652D000BBDBF1 /* AssignedPatients.swift */; };
		BCE308662416706A00BBDBF1 /* PatientsDetailsTableCell.swift in Sources */ = {isa = PBXBuildFile; fileRef = BCE308652416706A00BBDBF1 /* PatientsDetailsTableCell.swift */; };
		BCED0BDA24211FCE0068B2E6 /* ReuseAbleIdentifier.swift in Sources */ = {isa = PBXBuildFile; fileRef = BC4B2CB52409132100C2173B /* ReuseAbleIdentifier.swift */; };
		D887E2352C7CA634E904F2B2 /* Pods_HomeHealthPro.framework in Frameworks */ = {isa = PBXBuildFile; fileRef = 79B6D23857AE9DCF26410A58 /* Pods_HomeHealthPro.framework */; };
/* End PBXBuildFile section */

/* Begin PBXContainerItemProxy section */
		BC5A90F92406985300682179 /* PBXContainerItemProxy */ = {
			isa = PBXContainerItemProxy;
			containerPortal = BC5A90D72406983D00682179 /* Project object */;
			proxyType = 1;
			remoteGlobalIDString = BC5A90DE2406983D00682179;
			remoteInfo = HomeHealthPro;
		};
		BC5A91042406985300682179 /* PBXContainerItemProxy */ = {
			isa = PBXContainerItemProxy;
			containerPortal = BC5A90D72406983D00682179 /* Project object */;
			proxyType = 1;
			remoteGlobalIDString = BC5A90DE2406983D00682179;
			remoteInfo = HomeHealthPro;
		};
/* End PBXContainerItemProxy section */

/* Begin PBXFileReference section */
		0BF5E06937B07DF328D2226A /* Pods-HomeHealthPro-HomeHealthProUITests.debug.xcconfig */ = {isa = PBXFileReference; includeInIndex = 1; lastKnownFileType = text.xcconfig; name = "Pods-HomeHealthPro-HomeHealthProUITests.debug.xcconfig"; path = "Target Support Files/Pods-HomeHealthPro-HomeHealthProUITests/Pods-HomeHealthPro-HomeHealthProUITests.debug.xcconfig"; sourceTree = "<group>"; };
		26D1AD8D63055663035E508A /* Pods-HomeHealthPro-HomeHealthProUITests.release.xcconfig */ = {isa = PBXFileReference; includeInIndex = 1; lastKnownFileType = text.xcconfig; name = "Pods-HomeHealthPro-HomeHealthProUITests.release.xcconfig"; path = "Target Support Files/Pods-HomeHealthPro-HomeHealthProUITests/Pods-HomeHealthPro-HomeHealthProUITests.release.xcconfig"; sourceTree = "<group>"; };
		360933E024264A8D00B8E7A1 /* ActivityIndicator.swift */ = {isa = PBXFileReference; lastKnownFileType = sourcecode.swift; path = ActivityIndicator.swift; sourceTree = "<group>"; };
		360BC87424247C0C00A52CEE /* CliniciansViewModel.swift */ = {isa = PBXFileReference; lastKnownFileType = sourcecode.swift; path = CliniciansViewModel.swift; sourceTree = "<group>"; };
		360BC87624247C3500A52CEE /* CilniciansModel.swift */ = {isa = PBXFileReference; lastKnownFileType = sourcecode.swift; path = CilniciansModel.swift; sourceTree = "<group>"; };
		3651653C2427992900D6F6DD /* AssignedPatientsViewModel.swift */ = {isa = PBXFileReference; lastKnownFileType = sourcecode.swift; path = AssignedPatientsViewModel.swift; sourceTree = "<group>"; };
		3651653E2427993F00D6F6DD /* AssignedPatientsModel.swift */ = {isa = PBXFileReference; lastKnownFileType = sourcecode.swift; path = AssignedPatientsModel.swift; sourceTree = "<group>"; };
		365165452427B42300D6F6DD /* SearchVC.swift */ = {isa = PBXFileReference; lastKnownFileType = sourcecode.swift; path = SearchVC.swift; sourceTree = "<group>"; };
		40F12E604AE2DDEA1BF1B83E /* Pods_HomeHealthProTests.framework */ = {isa = PBXFileReference; explicitFileType = wrapper.framework; includeInIndex = 0; path = Pods_HomeHealthProTests.framework; sourceTree = BUILT_PRODUCTS_DIR; };
		5DFCD40C8169038F5326C056 /* Pods-HomeHealthPro.debug.xcconfig */ = {isa = PBXFileReference; includeInIndex = 1; lastKnownFileType = text.xcconfig; name = "Pods-HomeHealthPro.debug.xcconfig"; path = "Target Support Files/Pods-HomeHealthPro/Pods-HomeHealthPro.debug.xcconfig"; sourceTree = "<group>"; };
		79B6D23857AE9DCF26410A58 /* Pods_HomeHealthPro.framework */ = {isa = PBXFileReference; explicitFileType = wrapper.framework; includeInIndex = 0; path = Pods_HomeHealthPro.framework; sourceTree = BUILT_PRODUCTS_DIR; };
		96A2B3DC9FE5418C2FF311F7 /* Pods-HomeHealthProTests.release.xcconfig */ = {isa = PBXFileReference; includeInIndex = 1; lastKnownFileType = text.xcconfig; name = "Pods-HomeHealthProTests.release.xcconfig"; path = "Target Support Files/Pods-HomeHealthProTests/Pods-HomeHealthProTests.release.xcconfig"; sourceTree = "<group>"; };
		BC1CD4DA2418E57700D7247D /* OTPVC.swift */ = {isa = PBXFileReference; lastKnownFileType = sourcecode.swift; path = OTPVC.swift; sourceTree = "<group>"; };
		BC1CD4DD2418EF2300D7247D /* ScheduleVisit.storyboard */ = {isa = PBXFileReference; lastKnownFileType = file.storyboard; path = ScheduleVisit.storyboard; sourceTree = "<group>"; };
		BC1CD4E52418F2C900D7247D /* ChangePassword.storyboard */ = {isa = PBXFileReference; lastKnownFileType = file.storyboard; path = ChangePassword.storyboard; sourceTree = "<group>"; };
		BC1CD4EC2418F67300D7247D /* ChangePasswordVC.swift */ = {isa = PBXFileReference; lastKnownFileType = sourcecode.swift; path = ChangePasswordVC.swift; sourceTree = "<group>"; };
		BC2A72A8241FAA8900D0CED5 /* signUpViewModel.swift */ = {isa = PBXFileReference; lastKnownFileType = sourcecode.swift; path = signUpViewModel.swift; sourceTree = "<group>"; };
		BC2A72AA241FAABE00D0CED5 /* signUpModel.swift */ = {isa = PBXFileReference; lastKnownFileType = sourcecode.swift; path = signUpModel.swift; sourceTree = "<group>"; };
		BC2D7BA52423B65E00FE7E9E /* MainControllerViewModel.swift */ = {isa = PBXFileReference; lastKnownFileType = sourcecode.swift; path = MainControllerViewModel.swift; sourceTree = "<group>"; };
		BC2D7BA72423B76F00FE7E9E /* MainControllerModel.swift */ = {isa = PBXFileReference; lastKnownFileType = sourcecode.swift; path = MainControllerModel.swift; sourceTree = "<group>"; };
		BC3674FE2407D222006EC471 /* SignUpVC.swift */ = {isa = PBXFileReference; lastKnownFileType = sourcecode.swift; path = SignUpVC.swift; sourceTree = "<group>"; };
		BC3675002407DE71006EC471 /* SkyFloatingLabelTextField.swift */ = {isa = PBXFileReference; fileEncoding = 4; lastKnownFileType = sourcecode.swift; path = SkyFloatingLabelTextField.swift; sourceTree = "<group>"; };
		BC4B2C9A2408E0D100C2173B /* SF-Pro-Display-Heavy.ttf */ = {isa = PBXFileReference; lastKnownFileType = file; path = "SF-Pro-Display-Heavy.ttf"; sourceTree = "<group>"; };
		BC4B2C9B2408E0D100C2173B /* SF-Pro-Display-Regular.ttf */ = {isa = PBXFileReference; lastKnownFileType = file; path = "SF-Pro-Display-Regular.ttf"; sourceTree = "<group>"; };
		BC4B2C9C2408E0D100C2173B /* SF-Pro-Display-Medium.ttf */ = {isa = PBXFileReference; lastKnownFileType = file; path = "SF-Pro-Display-Medium.ttf"; sourceTree = "<group>"; };
		BC4B2C9D2408E0D100C2173B /* SF-Pro-Display-Light.ttf */ = {isa = PBXFileReference; lastKnownFileType = file; path = "SF-Pro-Display-Light.ttf"; sourceTree = "<group>"; };
		BC4B2C9E2408E0D100C2173B /* SF-Pro-Display-BlackItalic.ttf */ = {isa = PBXFileReference; lastKnownFileType = file; path = "SF-Pro-Display-BlackItalic.ttf"; sourceTree = "<group>"; };
		BC4B2C9F2408E0D100C2173B /* SF-Pro-Display-Bold.ttf */ = {isa = PBXFileReference; lastKnownFileType = file; path = "SF-Pro-Display-Bold.ttf"; sourceTree = "<group>"; };
		BC4B2CA02408E0D200C2173B /* SF-Pro-Display-Black.ttf */ = {isa = PBXFileReference; lastKnownFileType = file; path = "SF-Pro-Display-Black.ttf"; sourceTree = "<group>"; };
		BC4B2CB32409113100C2173B /* Alert.swift */ = {isa = PBXFileReference; lastKnownFileType = sourcecode.swift; path = Alert.swift; sourceTree = "<group>"; };
		BC4B2CB52409132100C2173B /* ReuseAbleIdentifier.swift */ = {isa = PBXFileReference; lastKnownFileType = sourcecode.swift; path = ReuseAbleIdentifier.swift; sourceTree = "<group>"; };
		BC4B2CBD2409213B00C2173B /* Dashboard.storyboard */ = {isa = PBXFileReference; lastKnownFileType = file.storyboard; path = Dashboard.storyboard; sourceTree = "<group>"; };
		BC4B2CBF240929DF00C2173B /* DashboardVC.swift */ = {isa = PBXFileReference; lastKnownFileType = sourcecode.swift; path = DashboardVC.swift; sourceTree = "<group>"; };
		BC4B2CC324093C5900C2173B /* TabBarDashboard.swift */ = {isa = PBXFileReference; lastKnownFileType = sourcecode.swift; path = TabBarDashboard.swift; sourceTree = "<group>"; };
		BC4BF5FB241A3A0000A4A207 /* ScheduleVisitDetailVC.swift */ = {isa = PBXFileReference; lastKnownFileType = sourcecode.swift; path = ScheduleVisitDetailVC.swift; sourceTree = "<group>"; };
		BC4BF602241A3BD800A4A207 /* ScheduleVisitPageViewController.swift */ = {isa = PBXFileReference; lastKnownFileType = sourcecode.swift; path = ScheduleVisitPageViewController.swift; sourceTree = "<group>"; };
		BC59C226241642710083D7C3 /* DocumentCollectionViewCell.swift */ = {isa = PBXFileReference; lastKnownFileType = sourcecode.swift; path = DocumentCollectionViewCell.swift; sourceTree = "<group>"; };
		BC5A90DF2406983D00682179 /* HomeHealthPro.app */ = {isa = PBXFileReference; explicitFileType = wrapper.application; includeInIndex = 0; path = HomeHealthPro.app; sourceTree = BUILT_PRODUCTS_DIR; };
		BC5A90E22406983D00682179 /* AppDelegate.swift */ = {isa = PBXFileReference; lastKnownFileType = sourcecode.swift; path = AppDelegate.swift; sourceTree = "<group>"; };
		BC5A90E42406983D00682179 /* SceneDelegate.swift */ = {isa = PBXFileReference; lastKnownFileType = sourcecode.swift; path = SceneDelegate.swift; sourceTree = "<group>"; };
		BC5A90EC2406983D00682179 /* HomeHealthPro.xcdatamodel */ = {isa = PBXFileReference; lastKnownFileType = wrapper.xcdatamodel; path = HomeHealthPro.xcdatamodel; sourceTree = "<group>"; };
		BC5A90EE2406985200682179 /* Assets.xcassets */ = {isa = PBXFileReference; lastKnownFileType = folder.assetcatalog; path = Assets.xcassets; sourceTree = "<group>"; };
		BC5A90F12406985200682179 /* Base */ = {isa = PBXFileReference; lastKnownFileType = file.storyboard; name = Base; path = Base.lproj/LaunchScreen.storyboard; sourceTree = "<group>"; };
		BC5A90F32406985200682179 /* Info.plist */ = {isa = PBXFileReference; lastKnownFileType = text.plist.xml; path = Info.plist; sourceTree = "<group>"; };
		BC5A90F82406985300682179 /* HomeHealthProTests.xctest */ = {isa = PBXFileReference; explicitFileType = wrapper.cfbundle; includeInIndex = 0; path = HomeHealthProTests.xctest; sourceTree = BUILT_PRODUCTS_DIR; };
		BC5A90FC2406985300682179 /* HomeHealthProTests.swift */ = {isa = PBXFileReference; lastKnownFileType = sourcecode.swift; path = HomeHealthProTests.swift; sourceTree = "<group>"; };
		BC5A90FE2406985300682179 /* Info.plist */ = {isa = PBXFileReference; lastKnownFileType = text.plist.xml; path = Info.plist; sourceTree = "<group>"; };
		BC5A91032406985300682179 /* HomeHealthProUITests.xctest */ = {isa = PBXFileReference; explicitFileType = wrapper.cfbundle; includeInIndex = 0; path = HomeHealthProUITests.xctest; sourceTree = BUILT_PRODUCTS_DIR; };
		BC5A91072406985300682179 /* HomeHealthProUITests.swift */ = {isa = PBXFileReference; lastKnownFileType = sourcecode.swift; path = HomeHealthProUITests.swift; sourceTree = "<group>"; };
		BC5A91092406985300682179 /* Info.plist */ = {isa = PBXFileReference; lastKnownFileType = text.plist.xml; path = Info.plist; sourceTree = "<group>"; };
		BC5A912724069CF900682179 /* Login.storyboard */ = {isa = PBXFileReference; lastKnownFileType = file.storyboard; path = Login.storyboard; sourceTree = "<group>"; };
		BC5A912924069D1300682179 /* LoginVc.swift */ = {isa = PBXFileReference; lastKnownFileType = sourcecode.swift; path = LoginVc.swift; sourceTree = "<group>"; };
		BC5A912E2406B63200682179 /* Extension.swift */ = {isa = PBXFileReference; lastKnownFileType = sourcecode.swift; path = Extension.swift; sourceTree = "<group>"; };
		BC6420D524124E5E00053447 /* ClinicianCollectionCell.swift */ = {isa = PBXFileReference; lastKnownFileType = sourcecode.swift; path = ClinicianCollectionCell.swift; sourceTree = "<group>"; };
		BC6DE49D240F8BCC00BE7A6D /* DashBoardNavigation.swift */ = {isa = PBXFileReference; lastKnownFileType = sourcecode.swift; path = DashBoardNavigation.swift; sourceTree = "<group>"; };
		BC6DE49F240FA16300BE7A6D /* Constant.swift */ = {isa = PBXFileReference; lastKnownFileType = sourcecode.swift; path = Constant.swift; sourceTree = "<group>"; };
		BC6DE4AB240FF00900BE7A6D /* MainContainerController.swift */ = {isa = PBXFileReference; lastKnownFileType = sourcecode.swift; path = MainContainerController.swift; sourceTree = "<group>"; };
		BC73EE602422402A00913F26 /* ForgetPasswordViewModel.swift */ = {isa = PBXFileReference; lastKnownFileType = sourcecode.swift; path = ForgetPasswordViewModel.swift; sourceTree = "<group>"; };
		BC73EE622422418900913F26 /* ForgetPasswordModel.swift */ = {isa = PBXFileReference; lastKnownFileType = sourcecode.swift; path = ForgetPasswordModel.swift; sourceTree = "<group>"; };
		BC73EE6924225A8500913F26 /* ResetPassword.storyboard */ = {isa = PBXFileReference; lastKnownFileType = file.storyboard; path = ResetPassword.storyboard; sourceTree = "<group>"; };
		BC73EE6B24225AD200913F26 /* ResetPasswordVC.swift */ = {isa = PBXFileReference; lastKnownFileType = sourcecode.swift; path = ResetPasswordVC.swift; sourceTree = "<group>"; };
		BC76A5D7242354CB007055EF /* OTPViewModel.swift */ = {isa = PBXFileReference; lastKnownFileType = sourcecode.swift; path = OTPViewModel.swift; sourceTree = "<group>"; };
		BC76A5D9242354F8007055EF /* OTPModel.swift */ = {isa = PBXFileReference; fileEncoding = 4; lastKnownFileType = sourcecode.swift; path = OTPModel.swift; sourceTree = "<group>"; };
		BC76A61B24237C34007055EF /* GeneralUserDefault.swift */ = {isa = PBXFileReference; lastKnownFileType = sourcecode.swift; path = GeneralUserDefault.swift; sourceTree = "<group>"; };
		BC793F8524079A9200AD2D47 /* ForgetPasswordVc.swift */ = {isa = PBXFileReference; lastKnownFileType = sourcecode.swift; path = ForgetPasswordVc.swift; sourceTree = "<group>"; };
		BC793F892407C3A300AD2D47 /* ViewcontrollerIndentifiers.swift */ = {isa = PBXFileReference; lastKnownFileType = sourcecode.swift; path = ViewcontrollerIndentifiers.swift; sourceTree = "<group>"; };
		BC793F8B2407C5D500AD2D47 /* StoryboardIndentifiers.swift */ = {isa = PBXFileReference; lastKnownFileType = sourcecode.swift; path = StoryboardIndentifiers.swift; sourceTree = "<group>"; };
		BCAC0B45240D046A000A1720 /* CliniciansVC.swift */ = {isa = PBXFileReference; lastKnownFileType = sourcecode.swift; path = CliniciansVC.swift; sourceTree = "<group>"; };
		BCAC0B48240D0488000A1720 /* SettingsVC.swift */ = {isa = PBXFileReference; lastKnownFileType = sourcecode.swift; path = SettingsVC.swift; sourceTree = "<group>"; };
		BCAC0B4A240D049B000A1720 /* MyAccountVC.swift */ = {isa = PBXFileReference; lastKnownFileType = sourcecode.swift; path = MyAccountVC.swift; sourceTree = "<group>"; };
		BCAC0B4E240D111B000A1720 /* DashBoardCollectionViewCell.swift */ = {isa = PBXFileReference; lastKnownFileType = sourcecode.swift; path = DashBoardCollectionViewCell.swift; sourceTree = "<group>"; };
		BCAC0B57240D44ED000A1720 /* DashBoardSideMenuVC.swift */ = {isa = PBXFileReference; lastKnownFileType = sourcecode.swift; path = DashBoardSideMenuVC.swift; sourceTree = "<group>"; };
		BCAC0B5B240D4DBA000A1720 /* DashBoardSideMenuTableViewCell.swift */ = {isa = PBXFileReference; lastKnownFileType = sourcecode.swift; path = DashBoardSideMenuTableViewCell.swift; sourceTree = "<group>"; };
		BCC2DAD82423A5F1004806DD /* DashboardModel.swift */ = {isa = PBXFileReference; lastKnownFileType = sourcecode.swift; path = DashboardModel.swift; sourceTree = "<group>"; };
		BCC2DADA2423A781004806DD /* DashboardViewModel.swift */ = {isa = PBXFileReference; lastKnownFileType = sourcecode.swift; path = DashboardViewModel.swift; sourceTree = "<group>"; };
		BCCD3B8B24192B3500F3CECD /* ScheduleVisitPatientDetailVC.swift */ = {isa = PBXFileReference; lastKnownFileType = sourcecode.swift; path = ScheduleVisitPatientDetailVC.swift; sourceTree = "<group>"; };
		BCE1FA29241BC00D00E9D7F1 /* ApiManager.swift */ = {isa = PBXFileReference; lastKnownFileType = sourcecode.swift; path = ApiManager.swift; sourceTree = "<group>"; };
		BCE1FA2B241BC03100E9D7F1 /* RemoteHelper.swift */ = {isa = PBXFileReference; lastKnownFileType = sourcecode.swift; path = RemoteHelper.swift; sourceTree = "<group>"; };
		BCE1FA2E241BC59100E9D7F1 /* UrlConstant.swift */ = {isa = PBXFileReference; lastKnownFileType = sourcecode.swift; path = UrlConstant.swift; sourceTree = "<group>"; };
		BCE1FA32241BCD3D00E9D7F1 /* LoginModel.swift */ = {isa = PBXFileReference; lastKnownFileType = sourcecode.swift; path = LoginModel.swift; sourceTree = "<group>"; };
		BCE1FA34241BD60300E9D7F1 /* LoginViewModel.swift */ = {isa = PBXFileReference; lastKnownFileType = sourcecode.swift; path = LoginViewModel.swift; sourceTree = "<group>"; };
		BCE3085C2416522E00BBDBF1 /* patients.storyboard */ = {isa = PBXFileReference; lastKnownFileType = file.storyboard; path = patients.storyboard; sourceTree = "<group>"; };
		BCE30863241652D000BBDBF1 /* AssignedPatients.swift */ = {isa = PBXFileReference; lastKnownFileType = sourcecode.swift; path = AssignedPatients.swift; sourceTree = "<group>"; };
		BCE308652416706A00BBDBF1 /* PatientsDetailsTableCell.swift */ = {isa = PBXFileReference; lastKnownFileType = sourcecode.swift; path = PatientsDetailsTableCell.swift; sourceTree = "<group>"; };
		D56D1528DB0AFEF70826060B /* Pods_HomeHealthPro_HomeHealthProUITests.framework */ = {isa = PBXFileReference; explicitFileType = wrapper.framework; includeInIndex = 0; path = Pods_HomeHealthPro_HomeHealthProUITests.framework; sourceTree = BUILT_PRODUCTS_DIR; };
		F23811A5EF20729D9D864CEC /* Pods-HomeHealthProTests.debug.xcconfig */ = {isa = PBXFileReference; includeInIndex = 1; lastKnownFileType = text.xcconfig; name = "Pods-HomeHealthProTests.debug.xcconfig"; path = "Target Support Files/Pods-HomeHealthProTests/Pods-HomeHealthProTests.debug.xcconfig"; sourceTree = "<group>"; };
		FDFD8D1457423D4CC81D15D8 /* Pods-HomeHealthPro.release.xcconfig */ = {isa = PBXFileReference; includeInIndex = 1; lastKnownFileType = text.xcconfig; name = "Pods-HomeHealthPro.release.xcconfig"; path = "Target Support Files/Pods-HomeHealthPro/Pods-HomeHealthPro.release.xcconfig"; sourceTree = "<group>"; };
/* End PBXFileReference section */

/* Begin PBXFrameworksBuildPhase section */
		BC5A90DC2406983D00682179 /* Frameworks */ = {
			isa = PBXFrameworksBuildPhase;
			buildActionMask = 2147483647;
			files = (
				D887E2352C7CA634E904F2B2 /* Pods_HomeHealthPro.framework in Frameworks */,
			);
			runOnlyForDeploymentPostprocessing = 0;
		};
		BC5A90F52406985300682179 /* Frameworks */ = {
			isa = PBXFrameworksBuildPhase;
			buildActionMask = 2147483647;
			files = (
				6DF9975F9EAFE13D892AD361 /* Pods_HomeHealthProTests.framework in Frameworks */,
			);
			runOnlyForDeploymentPostprocessing = 0;
		};
		BC5A91002406985300682179 /* Frameworks */ = {
			isa = PBXFrameworksBuildPhase;
			buildActionMask = 2147483647;
			files = (
				AD71FCE9C71DAA0D062B2739 /* Pods_HomeHealthPro_HomeHealthProUITests.framework in Frameworks */,
			);
			runOnlyForDeploymentPostprocessing = 0;
		};
/* End PBXFrameworksBuildPhase section */

/* Begin PBXGroup section */
		360933E224264A9500B8E7A1 /* ActivityIndicator */ = {
			isa = PBXGroup;
			children = (
				360933E024264A8D00B8E7A1 /* ActivityIndicator.swift */,
			);
			path = ActivityIndicator;
			sourceTree = "<group>";
		};
		365165402427B3B400D6F6DD /* Search */ = {
			isa = PBXGroup;
			children = (
				365165442427B3DE00D6F6DD /* Controller */,
				365165432427B3CC00D6F6DD /* ViewModel */,
				365165422427B3C700D6F6DD /* View */,
				365165412427B3C100D6F6DD /* Model */,
			);
			path = Search;
			sourceTree = "<group>";
		};
		365165412427B3C100D6F6DD /* Model */ = {
			isa = PBXGroup;
			children = (
			);
			path = Model;
			sourceTree = "<group>";
		};
		365165422427B3C700D6F6DD /* View */ = {
			isa = PBXGroup;
			children = (
			);
			path = View;
			sourceTree = "<group>";
		};
		365165432427B3CC00D6F6DD /* ViewModel */ = {
			isa = PBXGroup;
			children = (
			);
			path = ViewModel;
			sourceTree = "<group>";
		};
		365165442427B3DE00D6F6DD /* Controller */ = {
			isa = PBXGroup;
			children = (
				365165452427B42300D6F6DD /* SearchVC.swift */,
			);
			path = Controller;
			sourceTree = "<group>";
		};
		73A53A3806B1B5D3C5DA7F8D /* Frameworks */ = {
			isa = PBXGroup;
			children = (
				79B6D23857AE9DCF26410A58 /* Pods_HomeHealthPro.framework */,
				D56D1528DB0AFEF70826060B /* Pods_HomeHealthPro_HomeHealthProUITests.framework */,
				40F12E604AE2DDEA1BF1B83E /* Pods_HomeHealthProTests.framework */,
			);
			name = Frameworks;
			sourceTree = "<group>";
		};
		BA6511079B4E6659A5B14536 /* Pods */ = {
			isa = PBXGroup;
			children = (
				5DFCD40C8169038F5326C056 /* Pods-HomeHealthPro.debug.xcconfig */,
				FDFD8D1457423D4CC81D15D8 /* Pods-HomeHealthPro.release.xcconfig */,
				0BF5E06937B07DF328D2226A /* Pods-HomeHealthPro-HomeHealthProUITests.debug.xcconfig */,
				26D1AD8D63055663035E508A /* Pods-HomeHealthPro-HomeHealthProUITests.release.xcconfig */,
				F23811A5EF20729D9D864CEC /* Pods-HomeHealthProTests.debug.xcconfig */,
				96A2B3DC9FE5418C2FF311F7 /* Pods-HomeHealthProTests.release.xcconfig */,
			);
			path = Pods;
			sourceTree = "<group>";
		};
		BC1CD4D52418E4DA00D7247D /* OTP */ = {
			isa = PBXGroup;
			children = (
				BC1CD4D92418E52A00D7247D /* Controllers */,
				BC1CD4D82418E51F00D7247D /* ViewModel */,
				BC1CD4D72418E51700D7247D /* View */,
				BC1CD4D62418E50D00D7247D /* Model */,
			);
			path = OTP;
			sourceTree = "<group>";
		};
		BC1CD4D62418E50D00D7247D /* Model */ = {
			isa = PBXGroup;
			children = (
				BC76A5D9242354F8007055EF /* OTPModel.swift */,
			);
			path = Model;
			sourceTree = "<group>";
		};
		BC1CD4D72418E51700D7247D /* View */ = {
			isa = PBXGroup;
			children = (
			);
			path = View;
			sourceTree = "<group>";
		};
		BC1CD4D82418E51F00D7247D /* ViewModel */ = {
			isa = PBXGroup;
			children = (
				BC76A5D7242354CB007055EF /* OTPViewModel.swift */,
			);
			path = ViewModel;
			sourceTree = "<group>";
		};
		BC1CD4D92418E52A00D7247D /* Controllers */ = {
			isa = PBXGroup;
			children = (
				BC1CD4DA2418E57700D7247D /* OTPVC.swift */,
			);
			path = Controllers;
			sourceTree = "<group>";
		};
		BC1CD4DC2418EEC700D7247D /* ScheduleVisitModule */ = {
			isa = PBXGroup;
			children = (
				BC1CD4DD2418EF2300D7247D /* ScheduleVisit.storyboard */,
				BC4BF5FD241A3B1400A4A207 /* PageView */,
				BC4BF5F6241A395C00A4A207 /* VisitDetail */,
				BC1CD4DF2418EF3100D7247D /* PatientDetail */,
			);
			path = ScheduleVisitModule;
			sourceTree = "<group>";
		};
		BC1CD4DF2418EF3100D7247D /* PatientDetail */ = {
			isa = PBXGroup;
			children = (
				BC1CD4E32418EF5700D7247D /* Controller */,
				BC1CD4E22418EF4D00D7247D /* ViewModel */,
				BC1CD4E12418EF4700D7247D /* View */,
				BC1CD4E02418EF3F00D7247D /* Model */,
			);
			path = PatientDetail;
			sourceTree = "<group>";
		};
		BC1CD4E02418EF3F00D7247D /* Model */ = {
			isa = PBXGroup;
			children = (
			);
			path = Model;
			sourceTree = "<group>";
		};
		BC1CD4E12418EF4700D7247D /* View */ = {
			isa = PBXGroup;
			children = (
			);
			path = View;
			sourceTree = "<group>";
		};
		BC1CD4E22418EF4D00D7247D /* ViewModel */ = {
			isa = PBXGroup;
			children = (
			);
			path = ViewModel;
			sourceTree = "<group>";
		};
		BC1CD4E32418EF5700D7247D /* Controller */ = {
			isa = PBXGroup;
			children = (
				BCCD3B8B24192B3500F3CECD /* ScheduleVisitPatientDetailVC.swift */,
			);
			path = Controller;
			sourceTree = "<group>";
		};
		BC1CD4E42418F22400D7247D /* ChangePasswordModule */ = {
			isa = PBXGroup;
			children = (
				BC1CD4E52418F2C900D7247D /* ChangePassword.storyboard */,
				BC1CD4E72418F2D000D7247D /* ChangePassword */,
			);
			path = ChangePasswordModule;
			sourceTree = "<group>";
		};
		BC1CD4E72418F2D000D7247D /* ChangePassword */ = {
			isa = PBXGroup;
			children = (
				BC1CD4EB2418F2F500D7247D /* Controller */,
				BC1CD4EA2418F2ED00D7247D /* ViewModel */,
				BC1CD4E92418F2E700D7247D /* View */,
				BC1CD4E82418F2DE00D7247D /* Model */,
			);
			path = ChangePassword;
			sourceTree = "<group>";
		};
		BC1CD4E82418F2DE00D7247D /* Model */ = {
			isa = PBXGroup;
			children = (
			);
			path = Model;
			sourceTree = "<group>";
		};
		BC1CD4E92418F2E700D7247D /* View */ = {
			isa = PBXGroup;
			children = (
			);
			path = View;
			sourceTree = "<group>";
		};
		BC1CD4EA2418F2ED00D7247D /* ViewModel */ = {
			isa = PBXGroup;
			children = (
			);
			path = ViewModel;
			sourceTree = "<group>";
		};
		BC1CD4EB2418F2F500D7247D /* Controller */ = {
			isa = PBXGroup;
			children = (
				BC1CD4EC2418F67300D7247D /* ChangePasswordVC.swift */,
			);
			path = Controller;
			sourceTree = "<group>";
		};
		BC2D7BA12423B4C000FE7E9E /* Controller */ = {
			isa = PBXGroup;
			children = (
				BC6DE4AB240FF00900BE7A6D /* MainContainerController.swift */,
			);
			path = Controller;
			sourceTree = "<group>";
		};
		BC2D7BA22423B4DB00FE7E9E /* Model */ = {
			isa = PBXGroup;
			children = (
				BC2D7BA72423B76F00FE7E9E /* MainControllerModel.swift */,
			);
			path = Model;
			sourceTree = "<group>";
		};
		BC2D7BA32423B4ED00FE7E9E /* View */ = {
			isa = PBXGroup;
			children = (
			);
			path = View;
			sourceTree = "<group>";
		};
		BC2D7BA42423B4F900FE7E9E /* ViewModel */ = {
			isa = PBXGroup;
			children = (
				BC2D7BA52423B65E00FE7E9E /* MainControllerViewModel.swift */,
			);
			path = ViewModel;
			sourceTree = "<group>";
		};
		BC3674FA2407D1C3006EC471 /* Controllers */ = {
			isa = PBXGroup;
			children = (
				BC3674FE2407D222006EC471 /* SignUpVC.swift */,
			);
			path = Controllers;
			sourceTree = "<group>";
		};
		BC3674FB2407D1D4006EC471 /* Model */ = {
			isa = PBXGroup;
			children = (
				BC2A72AA241FAABE00D0CED5 /* signUpModel.swift */,
			);
			path = Model;
			sourceTree = "<group>";
		};
		BC3674FC2407D1DB006EC471 /* View */ = {
			isa = PBXGroup;
			children = (
			);
			path = View;
			sourceTree = "<group>";
		};
		BC3674FD2407D1E1006EC471 /* ViewModel */ = {
			isa = PBXGroup;
			children = (
				BC2A72A8241FAA8900D0CED5 /* signUpViewModel.swift */,
			);
			path = ViewModel;
			sourceTree = "<group>";
		};
		BC4B2C992408E09F00C2173B /* DisplayTft */ = {
			isa = PBXGroup;
			children = (
				BC4B2CA02408E0D200C2173B /* SF-Pro-Display-Black.ttf */,
				BC4B2C9E2408E0D100C2173B /* SF-Pro-Display-BlackItalic.ttf */,
				BC4B2C9F2408E0D100C2173B /* SF-Pro-Display-Bold.ttf */,
				BC4B2C9A2408E0D100C2173B /* SF-Pro-Display-Heavy.ttf */,
				BC4B2C9D2408E0D100C2173B /* SF-Pro-Display-Light.ttf */,
				BC4B2C9C2408E0D100C2173B /* SF-Pro-Display-Medium.ttf */,
				BC4B2C9B2408E0D100C2173B /* SF-Pro-Display-Regular.ttf */,
			);
			path = DisplayTft;
			sourceTree = "<group>";
		};
		BC4B2CB22409110400C2173B /* Alert */ = {
			isa = PBXGroup;
			children = (
				BC4B2CB32409113100C2173B /* Alert.swift */,
			);
			path = Alert;
			sourceTree = "<group>";
		};
		BC4B2CB72409207400C2173B /* DashboardModule */ = {
			isa = PBXGroup;
			children = (
				BC4B2CBD2409213B00C2173B /* Dashboard.storyboard */,
				BCE1FA26241BBEBF00E9D7F1 /* MainContainer */,
				BC6DE4A6240FA4A300BE7A6D /* DashboardNavigation */,
				BC6DE4A1240FA42E00BE7A6D /* DashboardTabBar */,
				BCAC0B50240D41B6000A1720 /* DashBoardSideMenu */,
				BCAC0B38240D037D000A1720 /* My Account */,
				BCAC0B37240D0372000A1720 /* Settings */,
				BCAC0B36240D0342000A1720 /* Clinicians */,
				BC4B2CB8240920A400C2173B /* Dashboard */,
				365165402427B3B400D6F6DD /* Search */,
			);
			path = DashboardModule;
			sourceTree = "<group>";
		};
		BC4B2CB8240920A400C2173B /* Dashboard */ = {
			isa = PBXGroup;
			children = (
				BC4B2CBC2409210500C2173B /* Controllers */,
				BC4B2CBB240920EE00C2173B /* ViewModel */,
				BC4B2CBA240920E600C2173B /* View */,
				BC4B2CB9240920C200C2173B /* Model */,
			);
			path = Dashboard;
			sourceTree = "<group>";
		};
		BC4B2CB9240920C200C2173B /* Model */ = {
			isa = PBXGroup;
			children = (
				BCC2DAD82423A5F1004806DD /* DashboardModel.swift */,
			);
			path = Model;
			sourceTree = "<group>";
		};
		BC4B2CBA240920E600C2173B /* View */ = {
			isa = PBXGroup;
			children = (
			);
			path = View;
			sourceTree = "<group>";
		};
		BC4B2CBB240920EE00C2173B /* ViewModel */ = {
			isa = PBXGroup;
			children = (
				BCC2DADA2423A781004806DD /* DashboardViewModel.swift */,
			);
			path = ViewModel;
			sourceTree = "<group>";
		};
		BC4B2CBC2409210500C2173B /* Controllers */ = {
			isa = PBXGroup;
			children = (
				BC4B2CBF240929DF00C2173B /* DashboardVC.swift */,
				BCAC0B4E240D111B000A1720 /* DashBoardCollectionViewCell.swift */,
			);
			path = Controllers;
			sourceTree = "<group>";
		};
		BC4BF5F6241A395C00A4A207 /* VisitDetail */ = {
			isa = PBXGroup;
			children = (
				BC4BF5FA241A399400A4A207 /* Controller */,
				BC4BF5F9241A398700A4A207 /* ViewModel */,
				BC4BF5F8241A398000A4A207 /* View */,
				BC4BF5F7241A396900A4A207 /* Model */,
			);
			path = VisitDetail;
			sourceTree = "<group>";
		};
		BC4BF5F7241A396900A4A207 /* Model */ = {
			isa = PBXGroup;
			children = (
			);
			path = Model;
			sourceTree = "<group>";
		};
		BC4BF5F8241A398000A4A207 /* View */ = {
			isa = PBXGroup;
			children = (
			);
			path = View;
			sourceTree = "<group>";
		};
		BC4BF5F9241A398700A4A207 /* ViewModel */ = {
			isa = PBXGroup;
			children = (
			);
			path = ViewModel;
			sourceTree = "<group>";
		};
		BC4BF5FA241A399400A4A207 /* Controller */ = {
			isa = PBXGroup;
			children = (
				BC4BF5FB241A3A0000A4A207 /* ScheduleVisitDetailVC.swift */,
			);
			path = Controller;
			sourceTree = "<group>";
		};
		BC4BF5FD241A3B1400A4A207 /* PageView */ = {
			isa = PBXGroup;
			children = (
				BC4BF601241A3B7D00A4A207 /* Controller */,
				BC4BF600241A3B7400A4A207 /* ViewModel */,
				BC4BF5FF241A3B6900A4A207 /* View */,
				BC4BF5FE241A3B5F00A4A207 /* Model */,
			);
			path = PageView;
			sourceTree = "<group>";
		};
		BC4BF5FE241A3B5F00A4A207 /* Model */ = {
			isa = PBXGroup;
			children = (
			);
			path = Model;
			sourceTree = "<group>";
		};
		BC4BF5FF241A3B6900A4A207 /* View */ = {
			isa = PBXGroup;
			children = (
			);
			path = View;
			sourceTree = "<group>";
		};
		BC4BF600241A3B7400A4A207 /* ViewModel */ = {
			isa = PBXGroup;
			children = (
			);
			path = ViewModel;
			sourceTree = "<group>";
		};
		BC4BF601241A3B7D00A4A207 /* Controller */ = {
			isa = PBXGroup;
			children = (
				BC4BF602241A3BD800A4A207 /* ScheduleVisitPageViewController.swift */,
			);
			path = Controller;
			sourceTree = "<group>";
		};
		BC5A90D62406983D00682179 = {
			isa = PBXGroup;
			children = (
				360933E224264A9500B8E7A1 /* ActivityIndicator */,
				BC76A61A24237C0E007055EF /* GeneralUserDefault */,
				BCE1FA2D241BC55E00E9D7F1 /* SkyFloatingLabelTextField */,
				BCE1FA28241BBFB900E9D7F1 /* Networking */,
				BC4B2CB22409110400C2173B /* Alert */,
				BC4B2C992408E09F00C2173B /* DisplayTft */,
				BC5A912B2406A8BA00682179 /* Helper */,
				BC5A91232406992100682179 /* AppDelegate */,
				BC5A91172406989600682179 /* AgentAndStaff */,
				BC5A90E12406983D00682179 /* HomeHealthPro */,
				BC5A90FB2406985300682179 /* HomeHealthProTests */,
				BC5A91062406985300682179 /* HomeHealthProUITests */,
				BC5A90E02406983D00682179 /* Products */,
				BA6511079B4E6659A5B14536 /* Pods */,
				73A53A3806B1B5D3C5DA7F8D /* Frameworks */,
			);
			sourceTree = "<group>";
		};
		BC5A90E02406983D00682179 /* Products */ = {
			isa = PBXGroup;
			children = (
				BC5A90DF2406983D00682179 /* HomeHealthPro.app */,
				BC5A90F82406985300682179 /* HomeHealthProTests.xctest */,
				BC5A91032406985300682179 /* HomeHealthProUITests.xctest */,
			);
			name = Products;
			sourceTree = "<group>";
		};
		BC5A90E12406983D00682179 /* HomeHealthPro */ = {
			isa = PBXGroup;
			children = (
				BC5A90EE2406985200682179 /* Assets.xcassets */,
				BC5A90F02406985200682179 /* LaunchScreen.storyboard */,
				BC5A90F32406985200682179 /* Info.plist */,
				BC5A90EB2406983D00682179 /* HomeHealthPro.xcdatamodeld */,
			);
			path = HomeHealthPro;
			sourceTree = "<group>";
		};
		BC5A90FB2406985300682179 /* HomeHealthProTests */ = {
			isa = PBXGroup;
			children = (
				BC5A90FC2406985300682179 /* HomeHealthProTests.swift */,
				BC5A90FE2406985300682179 /* Info.plist */,
			);
			path = HomeHealthProTests;
			sourceTree = "<group>";
		};
		BC5A91062406985300682179 /* HomeHealthProUITests */ = {
			isa = PBXGroup;
			children = (
				BC5A91072406985300682179 /* HomeHealthProUITests.swift */,
				BC5A91092406985300682179 /* Info.plist */,
			);
			path = HomeHealthProUITests;
			sourceTree = "<group>";
		};
		BC5A91172406989600682179 /* AgentAndStaff */ = {
			isa = PBXGroup;
			children = (
				BC73EE6424225A2E00913F26 /* ResetPassword */,
				BC1CD4E42418F22400D7247D /* ChangePasswordModule */,
				BC1CD4DC2418EEC700D7247D /* ScheduleVisitModule */,
				BCE3085B241651CD00BBDBF1 /* patientsModule */,
				BC4B2CB72409207400C2173B /* DashboardModule */,
				BC793F7E2407924D00AD2D47 /* UsersModule */,
			);
			path = AgentAndStaff;
			sourceTree = "<group>";
		};
		BC5A9118240698AA00682179 /* Model */ = {
			isa = PBXGroup;
			children = (
				BCE1FA32241BCD3D00E9D7F1 /* LoginModel.swift */,
			);
			path = Model;
			sourceTree = "<group>";
		};
		BC5A911A240698C300682179 /* View */ = {
			isa = PBXGroup;
			children = (
			);
			path = View;
			sourceTree = "<group>";
		};
		BC5A911B240698CA00682179 /* ViewModel */ = {
			isa = PBXGroup;
			children = (
				BCE1FA34241BD60300E9D7F1 /* LoginViewModel.swift */,
			);
			path = ViewModel;
			sourceTree = "<group>";
		};
		BC5A911C240698D200682179 /* Controllers */ = {
			isa = PBXGroup;
			children = (
				BC5A912924069D1300682179 /* LoginVc.swift */,
			);
			path = Controllers;
			sourceTree = "<group>";
		};
		BC5A91232406992100682179 /* AppDelegate */ = {
			isa = PBXGroup;
			children = (
				BC5A90E22406983D00682179 /* AppDelegate.swift */,
				BC5A90E42406983D00682179 /* SceneDelegate.swift */,
			);
			path = AppDelegate;
			sourceTree = "<group>";
		};
		BC5A912B2406A8BA00682179 /* Helper */ = {
			isa = PBXGroup;
			children = (
				BC5A912E2406B63200682179 /* Extension.swift */,
				BC793F892407C3A300AD2D47 /* ViewcontrollerIndentifiers.swift */,
				BC793F8B2407C5D500AD2D47 /* StoryboardIndentifiers.swift */,
				BC4B2CB52409132100C2173B /* ReuseAbleIdentifier.swift */,
				BC6DE49F240FA16300BE7A6D /* Constant.swift */,
				BCE1FA2E241BC59100E9D7F1 /* UrlConstant.swift */,
			);
			path = Helper;
			sourceTree = "<group>";
		};
		BC5A91302406B8BE00682179 /* Login */ = {
			isa = PBXGroup;
			children = (
				BC5A911C240698D200682179 /* Controllers */,
				BC5A911B240698CA00682179 /* ViewModel */,
				BC5A911A240698C300682179 /* View */,
				BC5A9118240698AA00682179 /* Model */,
			);
			path = Login;
			sourceTree = "<group>";
		};
		BC6DE4A1240FA42E00BE7A6D /* DashboardTabBar */ = {
			isa = PBXGroup;
			children = (
				BC6DE4A5240FA46300BE7A6D /* Controller */,
				BC6DE4A4240FA45900BE7A6D /* ViewModel */,
				BC6DE4A3240FA45300BE7A6D /* View */,
				BC6DE4A2240FA44B00BE7A6D /* Model */,
			);
			path = DashboardTabBar;
			sourceTree = "<group>";
		};
		BC6DE4A2240FA44B00BE7A6D /* Model */ = {
			isa = PBXGroup;
			children = (
			);
			path = Model;
			sourceTree = "<group>";
		};
		BC6DE4A3240FA45300BE7A6D /* View */ = {
			isa = PBXGroup;
			children = (
			);
			path = View;
			sourceTree = "<group>";
		};
		BC6DE4A4240FA45900BE7A6D /* ViewModel */ = {
			isa = PBXGroup;
			children = (
			);
			path = ViewModel;
			sourceTree = "<group>";
		};
		BC6DE4A5240FA46300BE7A6D /* Controller */ = {
			isa = PBXGroup;
			children = (
				BC4B2CC324093C5900C2173B /* TabBarDashboard.swift */,
			);
			path = Controller;
			sourceTree = "<group>";
		};
		BC6DE4A6240FA4A300BE7A6D /* DashboardNavigation */ = {
			isa = PBXGroup;
			children = (
				BC6DE4AA240FA4EA00BE7A6D /* Controller */,
				BC6DE4A9240FA4DD00BE7A6D /* ViewModel */,
				BC6DE4A8240FA4D100BE7A6D /* View */,
				BC6DE4A7240FA4C600BE7A6D /* Model */,
			);
			path = DashboardNavigation;
			sourceTree = "<group>";
		};
		BC6DE4A7240FA4C600BE7A6D /* Model */ = {
			isa = PBXGroup;
			children = (
			);
			path = Model;
			sourceTree = "<group>";
		};
		BC6DE4A8240FA4D100BE7A6D /* View */ = {
			isa = PBXGroup;
			children = (
			);
			path = View;
			sourceTree = "<group>";
		};
		BC6DE4A9240FA4DD00BE7A6D /* ViewModel */ = {
			isa = PBXGroup;
			children = (
			);
			path = ViewModel;
			sourceTree = "<group>";
		};
		BC6DE4AA240FA4EA00BE7A6D /* Controller */ = {
			isa = PBXGroup;
			children = (
				BC6DE49D240F8BCC00BE7A6D /* DashBoardNavigation.swift */,
			);
			path = Controller;
			sourceTree = "<group>";
		};
		BC73EE6424225A2E00913F26 /* ResetPassword */ = {
			isa = PBXGroup;
			children = (
				BC73EE6924225A8500913F26 /* ResetPassword.storyboard */,
				BC73EE6824225A5900913F26 /* Controller */,
				BC73EE6724225A5100913F26 /* ViewModel */,
				BC73EE6624225A4A00913F26 /* View */,
				BC73EE6524225A3E00913F26 /* Model */,
			);
			path = ResetPassword;
			sourceTree = "<group>";
		};
		BC73EE6524225A3E00913F26 /* Model */ = {
			isa = PBXGroup;
			children = (
			);
			path = Model;
			sourceTree = "<group>";
		};
		BC73EE6624225A4A00913F26 /* View */ = {
			isa = PBXGroup;
			children = (
			);
			path = View;
			sourceTree = "<group>";
		};
		BC73EE6724225A5100913F26 /* ViewModel */ = {
			isa = PBXGroup;
			children = (
			);
			path = ViewModel;
			sourceTree = "<group>";
		};
		BC73EE6824225A5900913F26 /* Controller */ = {
			isa = PBXGroup;
			children = (
				BC73EE6B24225AD200913F26 /* ResetPasswordVC.swift */,
			);
			path = Controller;
			sourceTree = "<group>";
		};
		BC76A61A24237C0E007055EF /* GeneralUserDefault */ = {
			isa = PBXGroup;
			children = (
				BC76A61B24237C34007055EF /* GeneralUserDefault.swift */,
			);
			path = GeneralUserDefault;
			sourceTree = "<group>";
		};
		BC793F7E2407924D00AD2D47 /* UsersModule */ = {
			isa = PBXGroup;
			children = (
				BC5A912724069CF900682179 /* Login.storyboard */,
				BC5A91302406B8BE00682179 /* Login */,
				BC793F7F240799E900AD2D47 /* ForgetPassword */,
				BC1CD4D52418E4DA00D7247D /* OTP */,
				BC793F8D2407CAA900AD2D47 /* SignUP */,
			);
			path = UsersModule;
			sourceTree = "<group>";
		};
		BC793F7F240799E900AD2D47 /* ForgetPassword */ = {
			isa = PBXGroup;
			children = (
				BC793F8424079A3000AD2D47 /* Controllers */,
				BC793F8324079A2D00AD2D47 /* ViewModel */,
				BC793F8224079A2900AD2D47 /* View */,
				BC793F8024079A0300AD2D47 /* Model */,
			);
			path = ForgetPassword;
			sourceTree = "<group>";
		};
		BC793F8024079A0300AD2D47 /* Model */ = {
			isa = PBXGroup;
			children = (
				BC73EE622422418900913F26 /* ForgetPasswordModel.swift */,
			);
			path = Model;
			sourceTree = "<group>";
		};
		BC793F8224079A2900AD2D47 /* View */ = {
			isa = PBXGroup;
			children = (
			);
			path = View;
			sourceTree = "<group>";
		};
		BC793F8324079A2D00AD2D47 /* ViewModel */ = {
			isa = PBXGroup;
			children = (
				BC73EE602422402A00913F26 /* ForgetPasswordViewModel.swift */,
			);
			path = ViewModel;
			sourceTree = "<group>";
		};
		BC793F8424079A3000AD2D47 /* Controllers */ = {
			isa = PBXGroup;
			children = (
				BC793F8524079A9200AD2D47 /* ForgetPasswordVc.swift */,
			);
			path = Controllers;
			sourceTree = "<group>";
		};
		BC793F8D2407CAA900AD2D47 /* SignUP */ = {
			isa = PBXGroup;
			children = (
				BC3674FA2407D1C3006EC471 /* Controllers */,
				BC3674FD2407D1E1006EC471 /* ViewModel */,
				BC3674FC2407D1DB006EC471 /* View */,
				BC3674FB2407D1D4006EC471 /* Model */,
			);
			path = SignUP;
			sourceTree = "<group>";
		};
		BCAC0B36240D0342000A1720 /* Clinicians */ = {
			isa = PBXGroup;
			children = (
				BCAC0B44240D042D000A1720 /* Controllers */,
				BCAC0B43240D0424000A1720 /* ViewModel */,
				BCAC0B42240D0403000A1720 /* View */,
				BCAC0B41240D03FC000A1720 /* Model */,
			);
			path = Clinicians;
			sourceTree = "<group>";
		};
		BCAC0B37240D0372000A1720 /* Settings */ = {
			isa = PBXGroup;
			children = (
				BCAC0B40240D03EB000A1720 /* Controllers */,
				BCAC0B3F240D03E1000A1720 /* ViewModel */,
				BCAC0B3E240D03DC000A1720 /* View */,
				BCAC0B3D240D03D3000A1720 /* Model */,
			);
			path = Settings;
			sourceTree = "<group>";
		};
		BCAC0B38240D037D000A1720 /* My Account */ = {
			isa = PBXGroup;
			children = (
				BCAC0B3C240D03B3000A1720 /* Controllers */,
				BCAC0B3B240D03A3000A1720 /* ViewModel */,
				BCAC0B3A240D039D000A1720 /* View */,
				BCAC0B39240D0395000A1720 /* Model */,
			);
			path = "My Account";
			sourceTree = "<group>";
		};
		BCAC0B39240D0395000A1720 /* Model */ = {
			isa = PBXGroup;
			children = (
			);
			path = Model;
			sourceTree = "<group>";
		};
		BCAC0B3A240D039D000A1720 /* View */ = {
			isa = PBXGroup;
			children = (
			);
			path = View;
			sourceTree = "<group>";
		};
		BCAC0B3B240D03A3000A1720 /* ViewModel */ = {
			isa = PBXGroup;
			children = (
			);
			path = ViewModel;
			sourceTree = "<group>";
		};
		BCAC0B3C240D03B3000A1720 /* Controllers */ = {
			isa = PBXGroup;
			children = (
				BCAC0B4A240D049B000A1720 /* MyAccountVC.swift */,
				BC59C226241642710083D7C3 /* DocumentCollectionViewCell.swift */,
			);
			path = Controllers;
			sourceTree = "<group>";
		};
		BCAC0B3D240D03D3000A1720 /* Model */ = {
			isa = PBXGroup;
			children = (
			);
			path = Model;
			sourceTree = "<group>";
		};
		BCAC0B3E240D03DC000A1720 /* View */ = {
			isa = PBXGroup;
			children = (
			);
			path = View;
			sourceTree = "<group>";
		};
		BCAC0B3F240D03E1000A1720 /* ViewModel */ = {
			isa = PBXGroup;
			children = (
			);
			path = ViewModel;
			sourceTree = "<group>";
		};
		BCAC0B40240D03EB000A1720 /* Controllers */ = {
			isa = PBXGroup;
			children = (
				BCAC0B48240D0488000A1720 /* SettingsVC.swift */,
			);
			path = Controllers;
			sourceTree = "<group>";
		};
		BCAC0B41240D03FC000A1720 /* Model */ = {
			isa = PBXGroup;
			children = (
				360BC87624247C3500A52CEE /* CilniciansModel.swift */,
			);
			path = Model;
			sourceTree = "<group>";
		};
		BCAC0B42240D0403000A1720 /* View */ = {
			isa = PBXGroup;
			children = (
			);
			path = View;
			sourceTree = "<group>";
		};
		BCAC0B43240D0424000A1720 /* ViewModel */ = {
			isa = PBXGroup;
			children = (
				360BC87424247C0C00A52CEE /* CliniciansViewModel.swift */,
			);
			path = ViewModel;
			sourceTree = "<group>";
		};
		BCAC0B44240D042D000A1720 /* Controllers */ = {
			isa = PBXGroup;
			children = (
				BCAC0B45240D046A000A1720 /* CliniciansVC.swift */,
				BC6420D524124E5E00053447 /* ClinicianCollectionCell.swift */,
			);
			path = Controllers;
			sourceTree = "<group>";
		};
		BCAC0B50240D41B6000A1720 /* DashBoardSideMenu */ = {
			isa = PBXGroup;
			children = (
				BCAC0B54240D4202000A1720 /* Controller */,
				BCAC0B53240D41E9000A1720 /* ViewModel */,
				BCAC0B52240D41DE000A1720 /* View */,
				BCAC0B51240D41D8000A1720 /* Model */,
			);
			path = DashBoardSideMenu;
			sourceTree = "<group>";
		};
		BCAC0B51240D41D8000A1720 /* Model */ = {
			isa = PBXGroup;
			children = (
			);
			path = Model;
			sourceTree = "<group>";
		};
		BCAC0B52240D41DE000A1720 /* View */ = {
			isa = PBXGroup;
			children = (
			);
			path = View;
			sourceTree = "<group>";
		};
		BCAC0B53240D41E9000A1720 /* ViewModel */ = {
			isa = PBXGroup;
			children = (
			);
			path = ViewModel;
			sourceTree = "<group>";
		};
		BCAC0B54240D4202000A1720 /* Controller */ = {
			isa = PBXGroup;
			children = (
				BCAC0B57240D44ED000A1720 /* DashBoardSideMenuVC.swift */,
				BCAC0B5B240D4DBA000A1720 /* DashBoardSideMenuTableViewCell.swift */,
			);
			path = Controller;
			sourceTree = "<group>";
		};
		BCE1FA26241BBEBF00E9D7F1 /* MainContainer */ = {
			isa = PBXGroup;
			children = (
				BC2D7BA12423B4C000FE7E9E /* Controller */,
				BC2D7BA42423B4F900FE7E9E /* ViewModel */,
				BC2D7BA32423B4ED00FE7E9E /* View */,
				BC2D7BA22423B4DB00FE7E9E /* Model */,
			);
			path = MainContainer;
			sourceTree = "<group>";
		};
		BCE1FA28241BBFB900E9D7F1 /* Networking */ = {
			isa = PBXGroup;
			children = (
				BCE1FA29241BC00D00E9D7F1 /* ApiManager.swift */,
				BCE1FA2B241BC03100E9D7F1 /* RemoteHelper.swift */,
			);
			path = Networking;
			sourceTree = "<group>";
		};
		BCE1FA2D241BC55E00E9D7F1 /* SkyFloatingLabelTextField */ = {
			isa = PBXGroup;
			children = (
				BC3675002407DE71006EC471 /* SkyFloatingLabelTextField.swift */,
			);
			path = SkyFloatingLabelTextField;
			sourceTree = "<group>";
		};
		BCE3085B241651CD00BBDBF1 /* patientsModule */ = {
			isa = PBXGroup;
			children = (
				BCE3085C2416522E00BBDBF1 /* patients.storyboard */,
				BCE3085E2416524400BBDBF1 /* AssignedPatients */,
			);
			path = patientsModule;
			sourceTree = "<group>";
		};
		BCE3085E2416524400BBDBF1 /* AssignedPatients */ = {
			isa = PBXGroup;
			children = (
				BCE308622416527200BBDBF1 /* Controller */,
				BCE308612416526900BBDBF1 /* ViewModel */,
				BCE308602416526200BBDBF1 /* View */,
				BCE3085F2416525A00BBDBF1 /* Model */,
			);
			path = AssignedPatients;
			sourceTree = "<group>";
		};
		BCE3085F2416525A00BBDBF1 /* Model */ = {
			isa = PBXGroup;
			children = (
				3651653E2427993F00D6F6DD /* AssignedPatientsModel.swift */,
			);
			path = Model;
			sourceTree = "<group>";
		};
		BCE308602416526200BBDBF1 /* View */ = {
			isa = PBXGroup;
			children = (
			);
			path = View;
			sourceTree = "<group>";
		};
		BCE308612416526900BBDBF1 /* ViewModel */ = {
			isa = PBXGroup;
			children = (
				3651653C2427992900D6F6DD /* AssignedPatientsViewModel.swift */,
			);
			path = ViewModel;
			sourceTree = "<group>";
		};
		BCE308622416527200BBDBF1 /* Controller */ = {
			isa = PBXGroup;
			children = (
				BCE30863241652D000BBDBF1 /* AssignedPatients.swift */,
				BCE308652416706A00BBDBF1 /* PatientsDetailsTableCell.swift */,
			);
			path = Controller;
			sourceTree = "<group>";
		};
/* End PBXGroup section */

/* Begin PBXNativeTarget section */
		BC5A90DE2406983D00682179 /* HomeHealthPro */ = {
			isa = PBXNativeTarget;
			buildConfigurationList = BC5A910C2406985300682179 /* Build configuration list for PBXNativeTarget "HomeHealthPro" */;
			buildPhases = (
				64C9C99EC3A2A78BFC33A527 /* [CP] Check Pods Manifest.lock */,
				BC5A90DB2406983D00682179 /* Sources */,
				BC5A90DC2406983D00682179 /* Frameworks */,
				BC5A90DD2406983D00682179 /* Resources */,
				4B00131BF723C91CD8B32D22 /* [CP] Embed Pods Frameworks */,
			);
			buildRules = (
			);
			dependencies = (
			);
			name = HomeHealthPro;
			packageProductDependencies = (
			);
			productName = HomeHealthPro;
			productReference = BC5A90DF2406983D00682179 /* HomeHealthPro.app */;
			productType = "com.apple.product-type.application";
		};
		BC5A90F72406985300682179 /* HomeHealthProTests */ = {
			isa = PBXNativeTarget;
			buildConfigurationList = BC5A910F2406985300682179 /* Build configuration list for PBXNativeTarget "HomeHealthProTests" */;
			buildPhases = (
				368DFAFDC24C4F606B10ECD8 /* [CP] Check Pods Manifest.lock */,
				BC5A90F42406985300682179 /* Sources */,
				BC5A90F52406985300682179 /* Frameworks */,
				BC5A90F62406985300682179 /* Resources */,
			);
			buildRules = (
			);
			dependencies = (
				BC5A90FA2406985300682179 /* PBXTargetDependency */,
			);
			name = HomeHealthProTests;
			productName = HomeHealthProTests;
			productReference = BC5A90F82406985300682179 /* HomeHealthProTests.xctest */;
			productType = "com.apple.product-type.bundle.unit-test";
		};
		BC5A91022406985300682179 /* HomeHealthProUITests */ = {
			isa = PBXNativeTarget;
			buildConfigurationList = BC5A91122406985300682179 /* Build configuration list for PBXNativeTarget "HomeHealthProUITests" */;
			buildPhases = (
				422C6FE95941B3CF31B812A2 /* [CP] Check Pods Manifest.lock */,
				BC5A90FF2406985300682179 /* Sources */,
				BC5A91002406985300682179 /* Frameworks */,
				BC5A91012406985300682179 /* Resources */,
				A92424557915C8B4DA2DEF97 /* [CP] Embed Pods Frameworks */,
			);
			buildRules = (
			);
			dependencies = (
				BC5A91052406985300682179 /* PBXTargetDependency */,
			);
			name = HomeHealthProUITests;
			productName = HomeHealthProUITests;
			productReference = BC5A91032406985300682179 /* HomeHealthProUITests.xctest */;
			productType = "com.apple.product-type.bundle.ui-testing";
		};
/* End PBXNativeTarget section */

/* Begin PBXProject section */
		BC5A90D72406983D00682179 /* Project object */ = {
			isa = PBXProject;
			attributes = {
				LastSwiftUpdateCheck = 1130;
				LastUpgradeCheck = 1130;
				ORGANIZATIONNAME = HomeHealthPro;
				TargetAttributes = {
					BC5A90DE2406983D00682179 = {
						CreatedOnToolsVersion = 11.3;
					};
					BC5A90F72406985300682179 = {
						CreatedOnToolsVersion = 11.3;
						TestTargetID = BC5A90DE2406983D00682179;
					};
					BC5A91022406985300682179 = {
						CreatedOnToolsVersion = 11.3;
						TestTargetID = BC5A90DE2406983D00682179;
					};
				};
			};
			buildConfigurationList = BC5A90DA2406983D00682179 /* Build configuration list for PBXProject "HomeHealthPro" */;
			compatibilityVersion = "Xcode 9.3";
			developmentRegion = en;
			hasScannedForEncodings = 0;
			knownRegions = (
				en,
				Base,
			);
			mainGroup = BC5A90D62406983D00682179;
			packageReferences = (
			);
			productRefGroup = BC5A90E02406983D00682179 /* Products */;
			projectDirPath = "";
			projectRoot = "";
			targets = (
				BC5A90DE2406983D00682179 /* HomeHealthPro */,
				BC5A90F72406985300682179 /* HomeHealthProTests */,
				BC5A91022406985300682179 /* HomeHealthProUITests */,
			);
		};
/* End PBXProject section */

/* Begin PBXResourcesBuildPhase section */
		BC5A90DD2406983D00682179 /* Resources */ = {
			isa = PBXResourcesBuildPhase;
			buildActionMask = 2147483647;
			files = (
				BC4B2CA12408E0D200C2173B /* SF-Pro-Display-Heavy.ttf in Resources */,
				BC5A90F22406985200682179 /* LaunchScreen.storyboard in Resources */,
				BC4B2CA72408E0D200C2173B /* SF-Pro-Display-Black.ttf in Resources */,
				BC4B2CBE2409213B00C2173B /* Dashboard.storyboard in Resources */,
				BC5A90EF2406985200682179 /* Assets.xcassets in Resources */,
				BC4B2CA32408E0D200C2173B /* SF-Pro-Display-Medium.ttf in Resources */,
				BC4B2CA52408E0D200C2173B /* SF-Pro-Display-BlackItalic.ttf in Resources */,
				BC4B2CA62408E0D200C2173B /* SF-Pro-Display-Bold.ttf in Resources */,
				BC1CD4DE2418EF2300D7247D /* ScheduleVisit.storyboard in Resources */,
				BC4B2CA22408E0D200C2173B /* SF-Pro-Display-Regular.ttf in Resources */,
				BC4B2CA42408E0D200C2173B /* SF-Pro-Display-Light.ttf in Resources */,
				BCE3085D2416522E00BBDBF1 /* patients.storyboard in Resources */,
				BC5A912824069CF900682179 /* Login.storyboard in Resources */,
				BC1CD4E62418F2C900D7247D /* ChangePassword.storyboard in Resources */,
				BC73EE6A24225A8500913F26 /* ResetPassword.storyboard in Resources */,
			);
			runOnlyForDeploymentPostprocessing = 0;
		};
		BC5A90F62406985300682179 /* Resources */ = {
			isa = PBXResourcesBuildPhase;
			buildActionMask = 2147483647;
			files = (
			);
			runOnlyForDeploymentPostprocessing = 0;
		};
		BC5A91012406985300682179 /* Resources */ = {
			isa = PBXResourcesBuildPhase;
			buildActionMask = 2147483647;
			files = (
			);
			runOnlyForDeploymentPostprocessing = 0;
		};
/* End PBXResourcesBuildPhase section */

/* Begin PBXShellScriptBuildPhase section */
		368DFAFDC24C4F606B10ECD8 /* [CP] Check Pods Manifest.lock */ = {
			isa = PBXShellScriptBuildPhase;
			buildActionMask = 2147483647;
			files = (
			);
			inputFileListPaths = (
			);
			inputPaths = (
				"${PODS_PODFILE_DIR_PATH}/Podfile.lock",
				"${PODS_ROOT}/Manifest.lock",
			);
			name = "[CP] Check Pods Manifest.lock";
			outputFileListPaths = (
			);
			outputPaths = (
				"$(DERIVED_FILE_DIR)/Pods-HomeHealthProTests-checkManifestLockResult.txt",
			);
			runOnlyForDeploymentPostprocessing = 0;
			shellPath = /bin/sh;
			shellScript = "diff \"${PODS_PODFILE_DIR_PATH}/Podfile.lock\" \"${PODS_ROOT}/Manifest.lock\" > /dev/null\nif [ $? != 0 ] ; then\n    # print error to STDERR\n    echo \"error: The sandbox is not in sync with the Podfile.lock. Run 'pod install' or update your CocoaPods installation.\" >&2\n    exit 1\nfi\n# This output is used by Xcode 'outputs' to avoid re-running this script phase.\necho \"SUCCESS\" > \"${SCRIPT_OUTPUT_FILE_0}\"\n";
			showEnvVarsInLog = 0;
		};
		422C6FE95941B3CF31B812A2 /* [CP] Check Pods Manifest.lock */ = {
			isa = PBXShellScriptBuildPhase;
			buildActionMask = 2147483647;
			files = (
			);
			inputFileListPaths = (
			);
			inputPaths = (
				"${PODS_PODFILE_DIR_PATH}/Podfile.lock",
				"${PODS_ROOT}/Manifest.lock",
			);
			name = "[CP] Check Pods Manifest.lock";
			outputFileListPaths = (
			);
			outputPaths = (
				"$(DERIVED_FILE_DIR)/Pods-HomeHealthPro-HomeHealthProUITests-checkManifestLockResult.txt",
			);
			runOnlyForDeploymentPostprocessing = 0;
			shellPath = /bin/sh;
			shellScript = "diff \"${PODS_PODFILE_DIR_PATH}/Podfile.lock\" \"${PODS_ROOT}/Manifest.lock\" > /dev/null\nif [ $? != 0 ] ; then\n    # print error to STDERR\n    echo \"error: The sandbox is not in sync with the Podfile.lock. Run 'pod install' or update your CocoaPods installation.\" >&2\n    exit 1\nfi\n# This output is used by Xcode 'outputs' to avoid re-running this script phase.\necho \"SUCCESS\" > \"${SCRIPT_OUTPUT_FILE_0}\"\n";
			showEnvVarsInLog = 0;
		};
		4B00131BF723C91CD8B32D22 /* [CP] Embed Pods Frameworks */ = {
			isa = PBXShellScriptBuildPhase;
			buildActionMask = 2147483647;
			files = (
			);
			inputFileListPaths = (
				"${PODS_ROOT}/Target Support Files/Pods-HomeHealthPro/Pods-HomeHealthPro-frameworks-${CONFIGURATION}-input-files.xcfilelist",
			);
			name = "[CP] Embed Pods Frameworks";
			outputFileListPaths = (
				"${PODS_ROOT}/Target Support Files/Pods-HomeHealthPro/Pods-HomeHealthPro-frameworks-${CONFIGURATION}-output-files.xcfilelist",
			);
			runOnlyForDeploymentPostprocessing = 0;
			shellPath = /bin/sh;
			shellScript = "\"${PODS_ROOT}/Target Support Files/Pods-HomeHealthPro/Pods-HomeHealthPro-frameworks.sh\"\n";
			showEnvVarsInLog = 0;
		};
		64C9C99EC3A2A78BFC33A527 /* [CP] Check Pods Manifest.lock */ = {
			isa = PBXShellScriptBuildPhase;
			buildActionMask = 2147483647;
			files = (
			);
			inputFileListPaths = (
			);
			inputPaths = (
				"${PODS_PODFILE_DIR_PATH}/Podfile.lock",
				"${PODS_ROOT}/Manifest.lock",
			);
			name = "[CP] Check Pods Manifest.lock";
			outputFileListPaths = (
			);
			outputPaths = (
				"$(DERIVED_FILE_DIR)/Pods-HomeHealthPro-checkManifestLockResult.txt",
			);
			runOnlyForDeploymentPostprocessing = 0;
			shellPath = /bin/sh;
			shellScript = "diff \"${PODS_PODFILE_DIR_PATH}/Podfile.lock\" \"${PODS_ROOT}/Manifest.lock\" > /dev/null\nif [ $? != 0 ] ; then\n    # print error to STDERR\n    echo \"error: The sandbox is not in sync with the Podfile.lock. Run 'pod install' or update your CocoaPods installation.\" >&2\n    exit 1\nfi\n# This output is used by Xcode 'outputs' to avoid re-running this script phase.\necho \"SUCCESS\" > \"${SCRIPT_OUTPUT_FILE_0}\"\n";
			showEnvVarsInLog = 0;
		};
		A92424557915C8B4DA2DEF97 /* [CP] Embed Pods Frameworks */ = {
			isa = PBXShellScriptBuildPhase;
			buildActionMask = 2147483647;
			files = (
			);
			inputFileListPaths = (
				"${PODS_ROOT}/Target Support Files/Pods-HomeHealthPro-HomeHealthProUITests/Pods-HomeHealthPro-HomeHealthProUITests-frameworks-${CONFIGURATION}-input-files.xcfilelist",
			);
			name = "[CP] Embed Pods Frameworks";
			outputFileListPaths = (
				"${PODS_ROOT}/Target Support Files/Pods-HomeHealthPro-HomeHealthProUITests/Pods-HomeHealthPro-HomeHealthProUITests-frameworks-${CONFIGURATION}-output-files.xcfilelist",
			);
			runOnlyForDeploymentPostprocessing = 0;
			shellPath = /bin/sh;
			shellScript = "\"${PODS_ROOT}/Target Support Files/Pods-HomeHealthPro-HomeHealthProUITests/Pods-HomeHealthPro-HomeHealthProUITests-frameworks.sh\"\n";
			showEnvVarsInLog = 0;
		};
/* End PBXShellScriptBuildPhase section */

/* Begin PBXSourcesBuildPhase section */
		BC5A90DB2406983D00682179 /* Sources */ = {
			isa = PBXSourcesBuildPhase;
			buildActionMask = 2147483647;
			files = (
				BC5A912F2406B63200682179 /* Extension.swift in Sources */,
				365165462427B42300D6F6DD /* SearchVC.swift in Sources */,
				BC4B2CC0240929DF00C2173B /* DashboardVC.swift in Sources */,
				BC3674FF2407D222006EC471 /* SignUpVC.swift in Sources */,
				BC5A90E32406983D00682179 /* AppDelegate.swift in Sources */,
				360933E124264A8D00B8E7A1 /* ActivityIndicator.swift in Sources */,
				BC793F8C2407C5D500AD2D47 /* StoryboardIndentifiers.swift in Sources */,
				BCAC0B4B240D049B000A1720 /* MyAccountVC.swift in Sources */,
				BC6420D624124E5E00053447 /* ClinicianCollectionCell.swift in Sources */,
				BCAC0B49240D0488000A1720 /* SettingsVC.swift in Sources */,
				BCC2DAD92423A5F1004806DD /* DashboardModel.swift in Sources */,
				BCAC0B58240D44ED000A1720 /* DashBoardSideMenuVC.swift in Sources */,
				3651653F2427993F00D6F6DD /* AssignedPatientsModel.swift in Sources */,
				BCE1FA2C241BC03100E9D7F1 /* RemoteHelper.swift in Sources */,
				BC3675012407DE71006EC471 /* SkyFloatingLabelTextField.swift in Sources */,
				BC73EE6C24225AD200913F26 /* ResetPasswordVC.swift in Sources */,
				BC1CD4DB2418E57700D7247D /* OTPVC.swift in Sources */,
				BCE1FA2A241BC00D00E9D7F1 /* ApiManager.swift in Sources */,
				BCE1FA2F241BC59100E9D7F1 /* UrlConstant.swift in Sources */,
				3651653D2427992900D6F6DD /* AssignedPatientsViewModel.swift in Sources */,
				BC73EE612422402A00913F26 /* ForgetPasswordViewModel.swift in Sources */,
				BC2D7BA82423B76F00FE7E9E /* MainControllerModel.swift in Sources */,
				BC59C227241642710083D7C3 /* DocumentCollectionViewCell.swift in Sources */,
				BCE1FA33241BCD3D00E9D7F1 /* LoginModel.swift in Sources */,
				BC793F8A2407C3A300AD2D47 /* ViewcontrollerIndentifiers.swift in Sources */,
				BC76A61C24237C34007055EF /* GeneralUserDefault.swift in Sources */,
				BCCD3B8C24192B3500F3CECD /* ScheduleVisitPatientDetailVC.swift in Sources */,
				BC4B2CB42409113100C2173B /* Alert.swift in Sources */,
				BC76A5DA242354F8007055EF /* OTPModel.swift in Sources */,
				360BC87524247C0C00A52CEE /* CliniciansViewModel.swift in Sources */,
				360BC87724247C3500A52CEE /* CilniciansModel.swift in Sources */,
				BC1CD4ED2418F67300D7247D /* ChangePasswordVC.swift in Sources */,
				BC4BF5FC241A3A0000A4A207 /* ScheduleVisitDetailVC.swift in Sources */,
				BC5A90ED2406983D00682179 /* HomeHealthPro.xcdatamodeld in Sources */,
				BC6DE4AC240FF00900BE7A6D /* MainContainerController.swift in Sources */,
				BCC2DADB2423A781004806DD /* DashboardViewModel.swift in Sources */,
				BC5A912A24069D1300682179 /* LoginVc.swift in Sources */,
				BC6DE49E240F8BCC00BE7A6D /* DashBoardNavigation.swift in Sources */,
				BC2A72AB241FAABE00D0CED5 /* signUpModel.swift in Sources */,
				BC4B2CC424093C5900C2173B /* TabBarDashboard.swift in Sources */,
				BCAC0B46240D046B000A1720 /* CliniciansVC.swift in Sources */,
				BC4BF603241A3BD800A4A207 /* ScheduleVisitPageViewController.swift in Sources */,
				BCED0BDA24211FCE0068B2E6 /* ReuseAbleIdentifier.swift in Sources */,
				BCE1FA35241BD60300E9D7F1 /* LoginViewModel.swift in Sources */,
				BC793F8624079A9200AD2D47 /* ForgetPasswordVc.swift in Sources */,
				BCAC0B5C240D4DBA000A1720 /* DashBoardSideMenuTableViewCell.swift in Sources */,
				BC2A72A9241FAA8900D0CED5 /* signUpViewModel.swift in Sources */,
				BC6DE4A0240FA16300BE7A6D /* Constant.swift in Sources */,
				BC76A5D8242354CB007055EF /* OTPViewModel.swift in Sources */,
				BC5A90E52406983D00682179 /* SceneDelegate.swift in Sources */,
				BCAC0B4F240D111B000A1720 /* DashBoardCollectionViewCell.swift in Sources */,
				BCE308662416706A00BBDBF1 /* PatientsDetailsTableCell.swift in Sources */,
				BC2D7BA62423B65F00FE7E9E /* MainControllerViewModel.swift in Sources */,
				BCE30864241652D000BBDBF1 /* AssignedPatients.swift in Sources */,
				BC73EE632422418900913F26 /* ForgetPasswordModel.swift in Sources */,
			);
			runOnlyForDeploymentPostprocessing = 0;
		};
		BC5A90F42406985300682179 /* Sources */ = {
			isa = PBXSourcesBuildPhase;
			buildActionMask = 2147483647;
			files = (
				BC5A90FD2406985300682179 /* HomeHealthProTests.swift in Sources */,
			);
			runOnlyForDeploymentPostprocessing = 0;
		};
		BC5A90FF2406985300682179 /* Sources */ = {
			isa = PBXSourcesBuildPhase;
			buildActionMask = 2147483647;
			files = (
				BC5A91082406985300682179 /* HomeHealthProUITests.swift in Sources */,
			);
			runOnlyForDeploymentPostprocessing = 0;
		};
/* End PBXSourcesBuildPhase section */

/* Begin PBXTargetDependency section */
		BC5A90FA2406985300682179 /* PBXTargetDependency */ = {
			isa = PBXTargetDependency;
			target = BC5A90DE2406983D00682179 /* HomeHealthPro */;
			targetProxy = BC5A90F92406985300682179 /* PBXContainerItemProxy */;
		};
		BC5A91052406985300682179 /* PBXTargetDependency */ = {
			isa = PBXTargetDependency;
			target = BC5A90DE2406983D00682179 /* HomeHealthPro */;
			targetProxy = BC5A91042406985300682179 /* PBXContainerItemProxy */;
		};
/* End PBXTargetDependency section */

/* Begin PBXVariantGroup section */
		BC5A90F02406985200682179 /* LaunchScreen.storyboard */ = {
			isa = PBXVariantGroup;
			children = (
				BC5A90F12406985200682179 /* Base */,
			);
			name = LaunchScreen.storyboard;
			sourceTree = "<group>";
		};
/* End PBXVariantGroup section */

/* Begin XCBuildConfiguration section */
		BC5A910A2406985300682179 /* Debug */ = {
			isa = XCBuildConfiguration;
			buildSettings = {
				ALWAYS_SEARCH_USER_PATHS = NO;
				CLANG_ANALYZER_NONNULL = YES;
				CLANG_ANALYZER_NUMBER_OBJECT_CONVERSION = YES_AGGRESSIVE;
				CLANG_CXX_LANGUAGE_STANDARD = "gnu++14";
				CLANG_CXX_LIBRARY = "libc++";
				CLANG_ENABLE_MODULES = YES;
				CLANG_ENABLE_OBJC_ARC = YES;
				CLANG_ENABLE_OBJC_WEAK = YES;
				CLANG_WARN_BLOCK_CAPTURE_AUTORELEASING = YES;
				CLANG_WARN_BOOL_CONVERSION = YES;
				CLANG_WARN_COMMA = YES;
				CLANG_WARN_CONSTANT_CONVERSION = YES;
				CLANG_WARN_DEPRECATED_OBJC_IMPLEMENTATIONS = YES;
				CLANG_WARN_DIRECT_OBJC_ISA_USAGE = YES_ERROR;
				CLANG_WARN_DOCUMENTATION_COMMENTS = YES;
				CLANG_WARN_EMPTY_BODY = YES;
				CLANG_WARN_ENUM_CONVERSION = YES;
				CLANG_WARN_INFINITE_RECURSION = YES;
				CLANG_WARN_INT_CONVERSION = YES;
				CLANG_WARN_NON_LITERAL_NULL_CONVERSION = YES;
				CLANG_WARN_OBJC_IMPLICIT_RETAIN_SELF = YES;
				CLANG_WARN_OBJC_LITERAL_CONVERSION = YES;
				CLANG_WARN_OBJC_ROOT_CLASS = YES_ERROR;
				CLANG_WARN_RANGE_LOOP_ANALYSIS = YES;
				CLANG_WARN_STRICT_PROTOTYPES = YES;
				CLANG_WARN_SUSPICIOUS_MOVE = YES;
				CLANG_WARN_UNGUARDED_AVAILABILITY = YES_AGGRESSIVE;
				CLANG_WARN_UNREACHABLE_CODE = YES;
				CLANG_WARN__DUPLICATE_METHOD_MATCH = YES;
				COPY_PHASE_STRIP = NO;
				DEBUG_INFORMATION_FORMAT = dwarf;
				ENABLE_STRICT_OBJC_MSGSEND = YES;
				ENABLE_TESTABILITY = YES;
				GCC_C_LANGUAGE_STANDARD = gnu11;
				GCC_DYNAMIC_NO_PIC = NO;
				GCC_NO_COMMON_BLOCKS = YES;
				GCC_OPTIMIZATION_LEVEL = 0;
				GCC_PREPROCESSOR_DEFINITIONS = (
					"DEBUG=1",
					"$(inherited)",
				);
				GCC_WARN_64_TO_32_BIT_CONVERSION = YES;
				GCC_WARN_ABOUT_RETURN_TYPE = YES_ERROR;
				GCC_WARN_UNDECLARED_SELECTOR = YES;
				GCC_WARN_UNINITIALIZED_AUTOS = YES_AGGRESSIVE;
				GCC_WARN_UNUSED_FUNCTION = YES;
				GCC_WARN_UNUSED_VARIABLE = YES;
				IPHONEOS_DEPLOYMENT_TARGET = 13.2;
				MTL_ENABLE_DEBUG_INFO = INCLUDE_SOURCE;
				MTL_FAST_MATH = YES;
				ONLY_ACTIVE_ARCH = YES;
				SDKROOT = iphoneos;
				SWIFT_ACTIVE_COMPILATION_CONDITIONS = DEBUG;
				SWIFT_OPTIMIZATION_LEVEL = "-Onone";
			};
			name = Debug;
		};
		BC5A910B2406985300682179 /* Release */ = {
			isa = XCBuildConfiguration;
			buildSettings = {
				ALWAYS_SEARCH_USER_PATHS = NO;
				CLANG_ANALYZER_NONNULL = YES;
				CLANG_ANALYZER_NUMBER_OBJECT_CONVERSION = YES_AGGRESSIVE;
				CLANG_CXX_LANGUAGE_STANDARD = "gnu++14";
				CLANG_CXX_LIBRARY = "libc++";
				CLANG_ENABLE_MODULES = YES;
				CLANG_ENABLE_OBJC_ARC = YES;
				CLANG_ENABLE_OBJC_WEAK = YES;
				CLANG_WARN_BLOCK_CAPTURE_AUTORELEASING = YES;
				CLANG_WARN_BOOL_CONVERSION = YES;
				CLANG_WARN_COMMA = YES;
				CLANG_WARN_CONSTANT_CONVERSION = YES;
				CLANG_WARN_DEPRECATED_OBJC_IMPLEMENTATIONS = YES;
				CLANG_WARN_DIRECT_OBJC_ISA_USAGE = YES_ERROR;
				CLANG_WARN_DOCUMENTATION_COMMENTS = YES;
				CLANG_WARN_EMPTY_BODY = YES;
				CLANG_WARN_ENUM_CONVERSION = YES;
				CLANG_WARN_INFINITE_RECURSION = YES;
				CLANG_WARN_INT_CONVERSION = YES;
				CLANG_WARN_NON_LITERAL_NULL_CONVERSION = YES;
				CLANG_WARN_OBJC_IMPLICIT_RETAIN_SELF = YES;
				CLANG_WARN_OBJC_LITERAL_CONVERSION = YES;
				CLANG_WARN_OBJC_ROOT_CLASS = YES_ERROR;
				CLANG_WARN_RANGE_LOOP_ANALYSIS = YES;
				CLANG_WARN_STRICT_PROTOTYPES = YES;
				CLANG_WARN_SUSPICIOUS_MOVE = YES;
				CLANG_WARN_UNGUARDED_AVAILABILITY = YES_AGGRESSIVE;
				CLANG_WARN_UNREACHABLE_CODE = YES;
				CLANG_WARN__DUPLICATE_METHOD_MATCH = YES;
				COPY_PHASE_STRIP = NO;
				DEBUG_INFORMATION_FORMAT = "dwarf-with-dsym";
				ENABLE_NS_ASSERTIONS = NO;
				ENABLE_STRICT_OBJC_MSGSEND = YES;
				GCC_C_LANGUAGE_STANDARD = gnu11;
				GCC_NO_COMMON_BLOCKS = YES;
				GCC_WARN_64_TO_32_BIT_CONVERSION = YES;
				GCC_WARN_ABOUT_RETURN_TYPE = YES_ERROR;
				GCC_WARN_UNDECLARED_SELECTOR = YES;
				GCC_WARN_UNINITIALIZED_AUTOS = YES_AGGRESSIVE;
				GCC_WARN_UNUSED_FUNCTION = YES;
				GCC_WARN_UNUSED_VARIABLE = YES;
				IPHONEOS_DEPLOYMENT_TARGET = 13.2;
				MTL_ENABLE_DEBUG_INFO = NO;
				MTL_FAST_MATH = YES;
				SDKROOT = iphoneos;
				SWIFT_COMPILATION_MODE = wholemodule;
				SWIFT_OPTIMIZATION_LEVEL = "-O";
				VALIDATE_PRODUCT = YES;
			};
			name = Release;
		};
		BC5A910D2406985300682179 /* Debug */ = {
			isa = XCBuildConfiguration;
			baseConfigurationReference = 5DFCD40C8169038F5326C056 /* Pods-HomeHealthPro.debug.xcconfig */;
			buildSettings = {
				ASSETCATALOG_COMPILER_APPICON_NAME = AppIcon;
				CODE_SIGN_STYLE = Automatic;
				DEVELOPMENT_TEAM = C3Q38N8A85;
				INFOPLIST_FILE = HomeHealthPro/Info.plist;
				LD_RUNPATH_SEARCH_PATHS = (
					"$(inherited)",
					"@executable_path/Frameworks",
				);
				PRODUCT_BUNDLE_IDENTIFIER = com.HomeHealthPro;
				PRODUCT_NAME = "$(TARGET_NAME)";
				SWIFT_VERSION = 5.0;
				TARGETED_DEVICE_FAMILY = "1,2";
			};
			name = Debug;
		};
		BC5A910E2406985300682179 /* Release */ = {
			isa = XCBuildConfiguration;
			baseConfigurationReference = FDFD8D1457423D4CC81D15D8 /* Pods-HomeHealthPro.release.xcconfig */;
			buildSettings = {
				ASSETCATALOG_COMPILER_APPICON_NAME = AppIcon;
				CODE_SIGN_STYLE = Automatic;
				DEVELOPMENT_TEAM = C3Q38N8A85;
				INFOPLIST_FILE = HomeHealthPro/Info.plist;
				LD_RUNPATH_SEARCH_PATHS = (
					"$(inherited)",
					"@executable_path/Frameworks",
				);
				PRODUCT_BUNDLE_IDENTIFIER = com.HomeHealthPro;
				PRODUCT_NAME = "$(TARGET_NAME)";
				SWIFT_VERSION = 5.0;
				TARGETED_DEVICE_FAMILY = "1,2";
			};
			name = Release;
		};
		BC5A91102406985300682179 /* Debug */ = {
			isa = XCBuildConfiguration;
			baseConfigurationReference = F23811A5EF20729D9D864CEC /* Pods-HomeHealthProTests.debug.xcconfig */;
			buildSettings = {
				ALWAYS_EMBED_SWIFT_STANDARD_LIBRARIES = YES;
				BUNDLE_LOADER = "$(TEST_HOST)";
				CODE_SIGN_STYLE = Automatic;
				INFOPLIST_FILE = HomeHealthProTests/Info.plist;
				IPHONEOS_DEPLOYMENT_TARGET = 13.2;
				LD_RUNPATH_SEARCH_PATHS = (
					"$(inherited)",
					"@executable_path/Frameworks",
					"@loader_path/Frameworks",
				);
				PRODUCT_BUNDLE_IDENTIFIER = com.HomeHealthProTests;
				PRODUCT_NAME = "$(TARGET_NAME)";
				SWIFT_VERSION = 5.0;
				TARGETED_DEVICE_FAMILY = "1,2";
				TEST_HOST = "$(BUILT_PRODUCTS_DIR)/HomeHealthPro.app/HomeHealthPro";
			};
			name = Debug;
		};
		BC5A91112406985300682179 /* Release */ = {
			isa = XCBuildConfiguration;
			baseConfigurationReference = 96A2B3DC9FE5418C2FF311F7 /* Pods-HomeHealthProTests.release.xcconfig */;
			buildSettings = {
				ALWAYS_EMBED_SWIFT_STANDARD_LIBRARIES = YES;
				BUNDLE_LOADER = "$(TEST_HOST)";
				CODE_SIGN_STYLE = Automatic;
				INFOPLIST_FILE = HomeHealthProTests/Info.plist;
				IPHONEOS_DEPLOYMENT_TARGET = 13.2;
				LD_RUNPATH_SEARCH_PATHS = (
					"$(inherited)",
					"@executable_path/Frameworks",
					"@loader_path/Frameworks",
				);
				PRODUCT_BUNDLE_IDENTIFIER = com.HomeHealthProTests;
				PRODUCT_NAME = "$(TARGET_NAME)";
				SWIFT_VERSION = 5.0;
				TARGETED_DEVICE_FAMILY = "1,2";
				TEST_HOST = "$(BUILT_PRODUCTS_DIR)/HomeHealthPro.app/HomeHealthPro";
			};
			name = Release;
		};
		BC5A91132406985300682179 /* Debug */ = {
			isa = XCBuildConfiguration;
			baseConfigurationReference = 0BF5E06937B07DF328D2226A /* Pods-HomeHealthPro-HomeHealthProUITests.debug.xcconfig */;
			buildSettings = {
				ALWAYS_EMBED_SWIFT_STANDARD_LIBRARIES = YES;
				CODE_SIGN_STYLE = Automatic;
				INFOPLIST_FILE = HomeHealthProUITests/Info.plist;
				LD_RUNPATH_SEARCH_PATHS = (
					"$(inherited)",
					"@executable_path/Frameworks",
					"@loader_path/Frameworks",
				);
				PRODUCT_BUNDLE_IDENTIFIER = com.HomeHealthProUITests;
				PRODUCT_NAME = "$(TARGET_NAME)";
				SWIFT_VERSION = 5.0;
				TARGETED_DEVICE_FAMILY = "1,2";
				TEST_TARGET_NAME = HomeHealthPro;
			};
			name = Debug;
		};
		BC5A91142406985300682179 /* Release */ = {
			isa = XCBuildConfiguration;
			baseConfigurationReference = 26D1AD8D63055663035E508A /* Pods-HomeHealthPro-HomeHealthProUITests.release.xcconfig */;
			buildSettings = {
				ALWAYS_EMBED_SWIFT_STANDARD_LIBRARIES = YES;
				CODE_SIGN_STYLE = Automatic;
				INFOPLIST_FILE = HomeHealthProUITests/Info.plist;
				LD_RUNPATH_SEARCH_PATHS = (
					"$(inherited)",
					"@executable_path/Frameworks",
					"@loader_path/Frameworks",
				);
				PRODUCT_BUNDLE_IDENTIFIER = com.HomeHealthProUITests;
				PRODUCT_NAME = "$(TARGET_NAME)";
				SWIFT_VERSION = 5.0;
				TARGETED_DEVICE_FAMILY = "1,2";
				TEST_TARGET_NAME = HomeHealthPro;
			};
			name = Release;
		};
/* End XCBuildConfiguration section */

/* Begin XCConfigurationList section */
		BC5A90DA2406983D00682179 /* Build configuration list for PBXProject "HomeHealthPro" */ = {
			isa = XCConfigurationList;
			buildConfigurations = (
				BC5A910A2406985300682179 /* Debug */,
				BC5A910B2406985300682179 /* Release */,
			);
			defaultConfigurationIsVisible = 0;
			defaultConfigurationName = Release;
		};
		BC5A910C2406985300682179 /* Build configuration list for PBXNativeTarget "HomeHealthPro" */ = {
			isa = XCConfigurationList;
			buildConfigurations = (
				BC5A910D2406985300682179 /* Debug */,
				BC5A910E2406985300682179 /* Release */,
			);
			defaultConfigurationIsVisible = 0;
			defaultConfigurationName = Release;
		};
		BC5A910F2406985300682179 /* Build configuration list for PBXNativeTarget "HomeHealthProTests" */ = {
			isa = XCConfigurationList;
			buildConfigurations = (
				BC5A91102406985300682179 /* Debug */,
				BC5A91112406985300682179 /* Release */,
			);
			defaultConfigurationIsVisible = 0;
			defaultConfigurationName = Release;
		};
		BC5A91122406985300682179 /* Build configuration list for PBXNativeTarget "HomeHealthProUITests" */ = {
			isa = XCConfigurationList;
			buildConfigurations = (
				BC5A91132406985300682179 /* Debug */,
				BC5A91142406985300682179 /* Release */,
			);
			defaultConfigurationIsVisible = 0;
			defaultConfigurationName = Release;
		};
/* End XCConfigurationList section */

/* Begin XCVersionGroup section */
		BC5A90EB2406983D00682179 /* HomeHealthPro.xcdatamodeld */ = {
			isa = XCVersionGroup;
			children = (
				BC5A90EC2406983D00682179 /* HomeHealthPro.xcdatamodel */,
			);
			currentVersion = BC5A90EC2406983D00682179 /* HomeHealthPro.xcdatamodel */;
			path = HomeHealthPro.xcdatamodeld;
			sourceTree = "<group>";
			versionGroupType = wrapper.xcdatamodel;
		};
/* End XCVersionGroup section */
	};
	rootObject = BC5A90D72406983D00682179 /* Project object */;
}
